// !$*UTF8*$!
{
	archiveVersion = 1;
	classes = {
	};
	objectVersion = 55;
	objects = {

/* Begin PBXBuildFile section */
		0BF285CA90D39C621537FA03 /* Pods_BloodBank.framework in Frameworks */ = {isa = PBXBuildFile; fileRef = DB8F4C3B3A310575AD50AC30 /* Pods_BloodBank.framework */; };
		EA01A0A727C96F4E00BDCC00 /* NotFitAppointmentViewController.swift in Sources */ = {isa = PBXBuildFile; fileRef = EA01A0A627C96F4E00BDCC00 /* NotFitAppointmentViewController.swift */; };
		EA01A0A927C96F6B00BDCC00 /* FitnessAppointmentViewController.swift in Sources */ = {isa = PBXBuildFile; fileRef = EA01A0A827C96F6B00BDCC00 /* FitnessAppointmentViewController.swift */; };
		EA01A0AB27C9774100BDCC00 /* Poppins-Regular.ttf in Resources */ = {isa = PBXBuildFile; fileRef = EA01A0AA27C9774100BDCC00 /* Poppins-Regular.ttf */; };
		EA01A0AF27C9777100BDCC00 /* Poppins-Bold.ttf in Resources */ = {isa = PBXBuildFile; fileRef = EA01A0AE27C9777100BDCC00 /* Poppins-Bold.ttf */; };
		EA01A0B127C9838700BDCC00 /* BookingAppointmentViewController.swift in Sources */ = {isa = PBXBuildFile; fileRef = EA01A0B027C9838700BDCC00 /* BookingAppointmentViewController.swift */; };
		EA01A0B327C984A600BDCC00 /* InformationCenterViewController.swift in Sources */ = {isa = PBXBuildFile; fileRef = EA01A0B227C984A600BDCC00 /* InformationCenterViewController.swift */; };
		EA064CAE27A4750600A06257 /* MainViewController.swift in Sources */ = {isa = PBXBuildFile; fileRef = EA064CAD27A4750600A06257 /* MainViewController.swift */; };
		EA1831C727DA6C1000D9BA90 /* RequestsTableViewCell.swift in Sources */ = {isa = PBXBuildFile; fileRef = EA1831C527DA6C1000D9BA90 /* RequestsTableViewCell.swift */; };
		EA1831C827DA6C1000D9BA90 /* RequestsTableViewCell.xib in Resources */ = {isa = PBXBuildFile; fileRef = EA1831C627DA6C1000D9BA90 /* RequestsTableViewCell.xib */; };
		EA1915F727DBFA3100554FF9 /* Patient.swift in Sources */ = {isa = PBXBuildFile; fileRef = EA1915F627DBFA3100554FF9 /* Patient.swift */; };
		EA1915F927DC27B100554FF9 /* DetailsCellViewController.swift in Sources */ = {isa = PBXBuildFile; fileRef = EA1915F827DC27B100554FF9 /* DetailsCellViewController.swift */; };
		EA2484D027B6D52900103DE7 /* NotificationViewController.swift in Sources */ = {isa = PBXBuildFile; fileRef = EA2484CF27B6D52900103DE7 /* NotificationViewController.swift */; };
		EA4278A227B01F9C002D444A /* AppointmentViewController.swift in Sources */ = {isa = PBXBuildFile; fileRef = EA4278A127B01F9C002D444A /* AppointmentViewController.swift */; };
		EA4278A427B025A7002D444A /* RequestViewController.swift in Sources */ = {isa = PBXBuildFile; fileRef = EA4278A327B025A7002D444A /* RequestViewController.swift */; };
		EA4278A627B025BF002D444A /* DonationHistoryViewController.swift in Sources */ = {isa = PBXBuildFile; fileRef = EA4278A527B025BF002D444A /* DonationHistoryViewController.swift */; };
		EA4278A827B025D4002D444A /* HelpAndSupportViewController.swift in Sources */ = {isa = PBXBuildFile; fileRef = EA4278A727B025D4002D444A /* HelpAndSupportViewController.swift */; };
		EA4278AA27B025E9002D444A /* PrivacyViewController.swift in Sources */ = {isa = PBXBuildFile; fileRef = EA4278A927B025E9002D444A /* PrivacyViewController.swift */; };
		EA4278AC27B025FB002D444A /* SettingViewController.swift in Sources */ = {isa = PBXBuildFile; fileRef = EA4278AB27B025FB002D444A /* SettingViewController.swift */; };
		EA45BFA627C5996B00D56AEC /* DonateBloodViewController.swift in Sources */ = {isa = PBXBuildFile; fileRef = EA45BFA527C5996B00D56AEC /* DonateBloodViewController.swift */; };
		EA45BFA827C5997E00D56AEC /* RequestBloodViewController.swift in Sources */ = {isa = PBXBuildFile; fileRef = EA45BFA727C5997E00D56AEC /* RequestBloodViewController.swift */; };
		EA45BFAA27C5999200D56AEC /* EducateYourselfViewController.swift in Sources */ = {isa = PBXBuildFile; fileRef = EA45BFA927C5999200D56AEC /* EducateYourselfViewController.swift */; };
		EA45BFAE27C5AC4800D56AEC /* NavigationBar.swift in Sources */ = {isa = PBXBuildFile; fileRef = EA45BFAD27C5AC4800D56AEC /* NavigationBar.swift */; };
		EA6E702127C5C3CE00F1E76C /* Almarai-Regular.ttf in Resources */ = {isa = PBXBuildFile; fileRef = EA6E702027C5C3CE00F1E76C /* Almarai-Regular.ttf */; };
		EA818B0827E1140C00D36808 /* Sick.swift in Sources */ = {isa = PBXBuildFile; fileRef = EA818B0727E1140C00D36808 /* Sick.swift */; };
		EA8676D027A6C70A00E95283 /* HamburgerViewController.swift in Sources */ = {isa = PBXBuildFile; fileRef = EA8676CF27A6C70A00E95283 /* HamburgerViewController.swift */; };
		EA86A9FB27CA31FB006EA939 /* UserDefultsManager.swift in Sources */ = {isa = PBXBuildFile; fileRef = EA86A9FA27CA31FB006EA939 /* UserDefultsManager.swift */; };
		EA86A9FD27CAD4F4006EA939 /* HomeNCViewController.swift in Sources */ = {isa = PBXBuildFile; fileRef = EA86A9FC27CAD4F4006EA939 /* HomeNCViewController.swift */; };
		EA99AAFD276CCF540083F0D1 /* HomeViewController.swift in Sources */ = {isa = PBXBuildFile; fileRef = EA99AAFC276CCF540083F0D1 /* HomeViewController.swift */; };
		EA9D400127DCF3D300776F14 /* UiView+Controller.swift in Sources */ = {isa = PBXBuildFile; fileRef = EA9D400027DCF3D300776F14 /* UiView+Controller.swift */; };
		EAA3C9D427DFB546007C5B47 /* SecondRequestBloodViewController.swift in Sources */ = {isa = PBXBuildFile; fileRef = EAA3C9D327DFB546007C5B47 /* SecondRequestBloodViewController.swift */; };
		EAAD8337276D12C800381854 /* DataPicker.swift in Sources */ = {isa = PBXBuildFile; fileRef = EAAD8336276D12C700381854 /* DataPicker.swift */; };
		EAB1C98F27A54DEE006BB209 /* TabBarController.swift in Sources */ = {isa = PBXBuildFile; fileRef = EAB1C98E27A54DEE006BB209 /* TabBarController.swift */; };
		EAB1C99127A554A2006BB209 /* UiView + alert.swift in Sources */ = {isa = PBXBuildFile; fileRef = EAB1C99027A554A2006BB209 /* UiView + alert.swift */; };
		EABDBFCA276CE69F00738EA3 /* RegisterViewController.swift in Sources */ = {isa = PBXBuildFile; fileRef = EABDBFC9276CE69F00738EA3 /* RegisterViewController.swift */; };
		EABDBFCC276CE6A900738EA3 /* LoginViewController.swift in Sources */ = {isa = PBXBuildFile; fileRef = EABDBFCB276CE6A900738EA3 /* LoginViewController.swift */; };
		EABDBFCE276CE6B500738EA3 /* HelpViewController.swift in Sources */ = {isa = PBXBuildFile; fileRef = EABDBFCD276CE6B500738EA3 /* HelpViewController.swift */; };
		EAC252C7276A26F00033F96F /* AppDelegate.swift in Sources */ = {isa = PBXBuildFile; fileRef = EAC252C6276A26F00033F96F /* AppDelegate.swift */; };
		EAC252C9276A26F00033F96F /* SceneDelegate.swift in Sources */ = {isa = PBXBuildFile; fileRef = EAC252C8276A26F00033F96F /* SceneDelegate.swift */; };
		EAC252CE276A26F00033F96F /* Main.storyboard in Resources */ = {isa = PBXBuildFile; fileRef = EAC252CC276A26F00033F96F /* Main.storyboard */; };
		EAC252D0276A26F10033F96F /* Assets.xcassets in Resources */ = {isa = PBXBuildFile; fileRef = EAC252CF276A26F10033F96F /* Assets.xcassets */; };
		EAC252D3276A26F10033F96F /* LaunchScreen.storyboard in Resources */ = {isa = PBXBuildFile; fileRef = EAC252D1276A26F10033F96F /* LaunchScreen.storyboard */; };
		EAC252DF276A2F250033F96F /* OnboardingViewController.swift in Sources */ = {isa = PBXBuildFile; fileRef = EAC252DE276A2F250033F96F /* OnboardingViewController.swift */; };
		EAC252E5276A335B0033F96F /* UiView+Extension.swift in Sources */ = {isa = PBXBuildFile; fileRef = EAC252E4276A335B0033F96F /* UiView+Extension.swift */; };
		EAC252E7276A34BF0033F96F /* OnboardingSlide.swift in Sources */ = {isa = PBXBuildFile; fileRef = EAC252E6276A34BF0033F96F /* OnboardingSlide.swift */; };
		EAC252E9276A37BC0033F96F /* OnboardingCollectionViewCell.swift in Sources */ = {isa = PBXBuildFile; fileRef = EAC252E8276A37BC0033F96F /* OnboardingCollectionViewCell.swift */; };
		EAC252EC276A3A4C0033F96F /* Constants.swift in Sources */ = {isa = PBXBuildFile; fileRef = EAC252EB276A3A4C0033F96F /* Constants.swift */; };
		EACC012C27A41E4F00FFB92B /* LoadingViewController.swift in Sources */ = {isa = PBXBuildFile; fileRef = EACC012B27A41E4F00FFB92B /* LoadingViewController.swift */; };
		EACC012F27A4275700FFB92B /* NavigationManager.swift in Sources */ = {isa = PBXBuildFile; fileRef = EACC012E27A4275700FFB92B /* NavigationManager.swift */; };
		EACC013127A42C4D00FFB92B /* StorageManager.swift in Sources */ = {isa = PBXBuildFile; fileRef = EACC013027A42C4D00FFB92B /* StorageManager.swift */; };
		EACC013C27A43A5A00FFB92B /* UserGradientBackground.swift in Sources */ = {isa = PBXBuildFile; fileRef = EACC013927A43A5A00FFB92B /* UserGradientBackground.swift */; };
		EACC013D27A43A5A00FFB92B /* UserCustomBtn.swift in Sources */ = {isa = PBXBuildFile; fileRef = EACC013A27A43A5A00FFB92B /* UserCustomBtn.swift */; };
		EACC013E27A43A5A00FFB92B /* UserCustomTF.swift in Sources */ = {isa = PBXBuildFile; fileRef = EACC013B27A43A5A00FFB92B /* UserCustomTF.swift */; };
		EAD3834C27D7BF3B00E87893 /* PickDateTimeViewController.swift in Sources */ = {isa = PBXBuildFile; fileRef = EAD3834B27D7BF3B00E87893 /* PickDateTimeViewController.swift */; };
		EAD3835027D806C300E87893 /* SheetViewController.swift in Sources */ = {isa = PBXBuildFile; fileRef = EAD3834F27D806C300E87893 /* SheetViewController.swift */; };
		EAD669EF27C6393C006221A2 /* Almarai-Bold.ttf in Resources */ = {isa = PBXBuildFile; fileRef = EAD669EE27C6393C006221A2 /* Almarai-Bold.ttf */; };
		EAD669F127C63A72006221A2 /* AppointmentMainViewController.swift in Sources */ = {isa = PBXBuildFile; fileRef = EAD669F027C63A72006221A2 /* AppointmentMainViewController.swift */; };
		EAD669F327C63F50006221A2 /* DonorViewController.swift in Sources */ = {isa = PBXBuildFile; fileRef = EAD669F227C63F50006221A2 /* DonorViewController.swift */; };
		EAE3C90B27B12C6300F42D16 /* MapViewController.swift in Sources */ = {isa = PBXBuildFile; fileRef = EAE3C90A27B12C6300F42D16 /* MapViewController.swift */; };
/* End PBXBuildFile section */

/* Begin PBXFileReference section */
		36C4F17C7D79E124463C5D81 /* Pods-BloodBank.debug.xcconfig */ = {isa = PBXFileReference; includeInIndex = 1; lastKnownFileType = text.xcconfig; name = "Pods-BloodBank.debug.xcconfig"; path = "Target Support Files/Pods-BloodBank/Pods-BloodBank.debug.xcconfig"; sourceTree = "<group>"; };
		D4BCE38A5AD392A36F890799 /* Pods-BloodBank.release.xcconfig */ = {isa = PBXFileReference; includeInIndex = 1; lastKnownFileType = text.xcconfig; name = "Pods-BloodBank.release.xcconfig"; path = "Target Support Files/Pods-BloodBank/Pods-BloodBank.release.xcconfig"; sourceTree = "<group>"; };
		DB8F4C3B3A310575AD50AC30 /* Pods_BloodBank.framework */ = {isa = PBXFileReference; explicitFileType = wrapper.framework; includeInIndex = 0; path = Pods_BloodBank.framework; sourceTree = BUILT_PRODUCTS_DIR; };
		EA01A0A627C96F4E00BDCC00 /* NotFitAppointmentViewController.swift */ = {isa = PBXFileReference; lastKnownFileType = sourcecode.swift; path = NotFitAppointmentViewController.swift; sourceTree = "<group>"; };
		EA01A0A827C96F6B00BDCC00 /* FitnessAppointmentViewController.swift */ = {isa = PBXFileReference; lastKnownFileType = sourcecode.swift; path = FitnessAppointmentViewController.swift; sourceTree = "<group>"; };
		EA01A0AA27C9774100BDCC00 /* Poppins-Regular.ttf */ = {isa = PBXFileReference; lastKnownFileType = file; name = "Poppins-Regular.ttf"; path = "../../../../../Downloads/Poppins/Poppins-Regular.ttf"; sourceTree = "<group>"; };
		EA01A0AE27C9777100BDCC00 /* Poppins-Bold.ttf */ = {isa = PBXFileReference; lastKnownFileType = file; path = "Poppins-Bold.ttf"; sourceTree = "<group>"; };
		EA01A0B027C9838700BDCC00 /* BookingAppointmentViewController.swift */ = {isa = PBXFileReference; lastKnownFileType = sourcecode.swift; path = BookingAppointmentViewController.swift; sourceTree = "<group>"; };
		EA01A0B227C984A600BDCC00 /* InformationCenterViewController.swift */ = {isa = PBXFileReference; lastKnownFileType = sourcecode.swift; path = InformationCenterViewController.swift; sourceTree = "<group>"; };
		EA064CAD27A4750600A06257 /* MainViewController.swift */ = {isa = PBXFileReference; lastKnownFileType = sourcecode.swift; path = MainViewController.swift; sourceTree = "<group>"; };
		EA1831C527DA6C1000D9BA90 /* RequestsTableViewCell.swift */ = {isa = PBXFileReference; lastKnownFileType = sourcecode.swift; path = RequestsTableViewCell.swift; sourceTree = "<group>"; };
		EA1831C627DA6C1000D9BA90 /* RequestsTableViewCell.xib */ = {isa = PBXFileReference; lastKnownFileType = file.xib; path = RequestsTableViewCell.xib; sourceTree = "<group>"; };
		EA1915F627DBFA3100554FF9 /* Patient.swift */ = {isa = PBXFileReference; lastKnownFileType = sourcecode.swift; path = Patient.swift; sourceTree = "<group>"; };
		EA1915F827DC27B100554FF9 /* DetailsCellViewController.swift */ = {isa = PBXFileReference; lastKnownFileType = sourcecode.swift; path = DetailsCellViewController.swift; sourceTree = "<group>"; };
		EA2484CF27B6D52900103DE7 /* NotificationViewController.swift */ = {isa = PBXFileReference; lastKnownFileType = sourcecode.swift; path = NotificationViewController.swift; sourceTree = "<group>"; };
		EA4278A127B01F9C002D444A /* AppointmentViewController.swift */ = {isa = PBXFileReference; lastKnownFileType = sourcecode.swift; path = AppointmentViewController.swift; sourceTree = "<group>"; };
		EA4278A327B025A7002D444A /* RequestViewController.swift */ = {isa = PBXFileReference; lastKnownFileType = sourcecode.swift; path = RequestViewController.swift; sourceTree = "<group>"; };
		EA4278A527B025BF002D444A /* DonationHistoryViewController.swift */ = {isa = PBXFileReference; lastKnownFileType = sourcecode.swift; path = DonationHistoryViewController.swift; sourceTree = "<group>"; };
		EA4278A727B025D4002D444A /* HelpAndSupportViewController.swift */ = {isa = PBXFileReference; lastKnownFileType = sourcecode.swift; path = HelpAndSupportViewController.swift; sourceTree = "<group>"; };
		EA4278A927B025E9002D444A /* PrivacyViewController.swift */ = {isa = PBXFileReference; lastKnownFileType = sourcecode.swift; path = PrivacyViewController.swift; sourceTree = "<group>"; };
		EA4278AB27B025FB002D444A /* SettingViewController.swift */ = {isa = PBXFileReference; lastKnownFileType = sourcecode.swift; path = SettingViewController.swift; sourceTree = "<group>"; };
		EA45BFA527C5996B00D56AEC /* DonateBloodViewController.swift */ = {isa = PBXFileReference; lastKnownFileType = sourcecode.swift; path = DonateBloodViewController.swift; sourceTree = "<group>"; };
		EA45BFA727C5997E00D56AEC /* RequestBloodViewController.swift */ = {isa = PBXFileReference; lastKnownFileType = sourcecode.swift; path = RequestBloodViewController.swift; sourceTree = "<group>"; };
		EA45BFA927C5999200D56AEC /* EducateYourselfViewController.swift */ = {isa = PBXFileReference; lastKnownFileType = sourcecode.swift; path = EducateYourselfViewController.swift; sourceTree = "<group>"; };
		EA45BFAD27C5AC4800D56AEC /* NavigationBar.swift */ = {isa = PBXFileReference; lastKnownFileType = sourcecode.swift; path = NavigationBar.swift; sourceTree = "<group>"; };
		EA6E702027C5C3CE00F1E76C /* Almarai-Regular.ttf */ = {isa = PBXFileReference; lastKnownFileType = file; path = "Almarai-Regular.ttf"; sourceTree = "<group>"; };
		EA818B0727E1140C00D36808 /* Sick.swift */ = {isa = PBXFileReference; lastKnownFileType = sourcecode.swift; path = Sick.swift; sourceTree = "<group>"; };
		EA8676CF27A6C70A00E95283 /* HamburgerViewController.swift */ = {isa = PBXFileReference; lastKnownFileType = sourcecode.swift; path = HamburgerViewController.swift; sourceTree = "<group>"; };
		EA86A9FA27CA31FB006EA939 /* UserDefultsManager.swift */ = {isa = PBXFileReference; lastKnownFileType = sourcecode.swift; path = UserDefultsManager.swift; sourceTree = "<group>"; };
		EA86A9FC27CAD4F4006EA939 /* HomeNCViewController.swift */ = {isa = PBXFileReference; lastKnownFileType = sourcecode.swift; path = HomeNCViewController.swift; sourceTree = "<group>"; };
		EA99AAFC276CCF540083F0D1 /* HomeViewController.swift */ = {isa = PBXFileReference; lastKnownFileType = sourcecode.swift; path = HomeViewController.swift; sourceTree = "<group>"; };
		EA9D400027DCF3D300776F14 /* UiView+Controller.swift */ = {isa = PBXFileReference; lastKnownFileType = sourcecode.swift; path = "UiView+Controller.swift"; sourceTree = "<group>"; };
		EAA3C9D327DFB546007C5B47 /* SecondRequestBloodViewController.swift */ = {isa = PBXFileReference; lastKnownFileType = sourcecode.swift; path = SecondRequestBloodViewController.swift; sourceTree = "<group>"; };
		EAAD8336276D12C700381854 /* DataPicker.swift */ = {isa = PBXFileReference; lastKnownFileType = sourcecode.swift; path = DataPicker.swift; sourceTree = "<group>"; };
		EAB1C98E27A54DEE006BB209 /* TabBarController.swift */ = {isa = PBXFileReference; lastKnownFileType = sourcecode.swift; path = TabBarController.swift; sourceTree = "<group>"; };
		EAB1C99027A554A2006BB209 /* UiView + alert.swift */ = {isa = PBXFileReference; lastKnownFileType = sourcecode.swift; path = "UiView + alert.swift"; sourceTree = "<group>"; };
		EABDBFC9276CE69F00738EA3 /* RegisterViewController.swift */ = {isa = PBXFileReference; lastKnownFileType = sourcecode.swift; path = RegisterViewController.swift; sourceTree = "<group>"; };
		EABDBFCB276CE6A900738EA3 /* LoginViewController.swift */ = {isa = PBXFileReference; lastKnownFileType = sourcecode.swift; path = LoginViewController.swift; sourceTree = "<group>"; };
		EABDBFCD276CE6B500738EA3 /* HelpViewController.swift */ = {isa = PBXFileReference; lastKnownFileType = sourcecode.swift; path = HelpViewController.swift; sourceTree = "<group>"; };
		EAC252C3276A26F00033F96F /* BloodBank.app */ = {isa = PBXFileReference; explicitFileType = wrapper.application; includeInIndex = 0; path = BloodBank.app; sourceTree = BUILT_PRODUCTS_DIR; };
		EAC252C6276A26F00033F96F /* AppDelegate.swift */ = {isa = PBXFileReference; lastKnownFileType = sourcecode.swift; path = AppDelegate.swift; sourceTree = "<group>"; };
		EAC252C8276A26F00033F96F /* SceneDelegate.swift */ = {isa = PBXFileReference; lastKnownFileType = sourcecode.swift; path = SceneDelegate.swift; sourceTree = "<group>"; };
		EAC252CD276A26F00033F96F /* Base */ = {isa = PBXFileReference; lastKnownFileType = file.storyboard; name = Base; path = Base.lproj/Main.storyboard; sourceTree = "<group>"; };
		EAC252CF276A26F10033F96F /* Assets.xcassets */ = {isa = PBXFileReference; lastKnownFileType = folder.assetcatalog; path = Assets.xcassets; sourceTree = "<group>"; };
		EAC252D2276A26F10033F96F /* Base */ = {isa = PBXFileReference; lastKnownFileType = file.storyboard; name = Base; path = Base.lproj/LaunchScreen.storyboard; sourceTree = "<group>"; };
		EAC252D4276A26F10033F96F /* Info.plist */ = {isa = PBXFileReference; lastKnownFileType = text.plist.xml; path = Info.plist; sourceTree = "<group>"; };
		EAC252DE276A2F250033F96F /* OnboardingViewController.swift */ = {isa = PBXFileReference; lastKnownFileType = sourcecode.swift; path = OnboardingViewController.swift; sourceTree = "<group>"; };
		EAC252E4276A335B0033F96F /* UiView+Extension.swift */ = {isa = PBXFileReference; lastKnownFileType = sourcecode.swift; path = "UiView+Extension.swift"; sourceTree = "<group>"; };
		EAC252E6276A34BF0033F96F /* OnboardingSlide.swift */ = {isa = PBXFileReference; lastKnownFileType = sourcecode.swift; path = OnboardingSlide.swift; sourceTree = "<group>"; };
		EAC252E8276A37BC0033F96F /* OnboardingCollectionViewCell.swift */ = {isa = PBXFileReference; lastKnownFileType = sourcecode.swift; path = OnboardingCollectionViewCell.swift; sourceTree = "<group>"; };
		EAC252EB276A3A4C0033F96F /* Constants.swift */ = {isa = PBXFileReference; lastKnownFileType = sourcecode.swift; path = Constants.swift; sourceTree = "<group>"; };
		EACC012B27A41E4F00FFB92B /* LoadingViewController.swift */ = {isa = PBXFileReference; lastKnownFileType = sourcecode.swift; path = LoadingViewController.swift; sourceTree = "<group>"; };
		EACC012E27A4275700FFB92B /* NavigationManager.swift */ = {isa = PBXFileReference; lastKnownFileType = sourcecode.swift; path = NavigationManager.swift; sourceTree = "<group>"; };
		EACC013027A42C4D00FFB92B /* StorageManager.swift */ = {isa = PBXFileReference; lastKnownFileType = sourcecode.swift; path = StorageManager.swift; sourceTree = "<group>"; };
		EACC013927A43A5A00FFB92B /* UserGradientBackground.swift */ = {isa = PBXFileReference; fileEncoding = 4; lastKnownFileType = sourcecode.swift; path = UserGradientBackground.swift; sourceTree = "<group>"; };
		EACC013A27A43A5A00FFB92B /* UserCustomBtn.swift */ = {isa = PBXFileReference; fileEncoding = 4; lastKnownFileType = sourcecode.swift; path = UserCustomBtn.swift; sourceTree = "<group>"; };
		EACC013B27A43A5A00FFB92B /* UserCustomTF.swift */ = {isa = PBXFileReference; fileEncoding = 4; lastKnownFileType = sourcecode.swift; path = UserCustomTF.swift; sourceTree = "<group>"; };
		EAD3834B27D7BF3B00E87893 /* PickDateTimeViewController.swift */ = {isa = PBXFileReference; lastKnownFileType = sourcecode.swift; path = PickDateTimeViewController.swift; sourceTree = "<group>"; };
		EAD3834F27D806C300E87893 /* SheetViewController.swift */ = {isa = PBXFileReference; lastKnownFileType = sourcecode.swift; path = SheetViewController.swift; sourceTree = "<group>"; };
		EAD669EE27C6393C006221A2 /* Almarai-Bold.ttf */ = {isa = PBXFileReference; lastKnownFileType = file; path = "Almarai-Bold.ttf"; sourceTree = "<group>"; };
		EAD669F027C63A72006221A2 /* AppointmentMainViewController.swift */ = {isa = PBXFileReference; lastKnownFileType = sourcecode.swift; path = AppointmentMainViewController.swift; sourceTree = "<group>"; };
		EAD669F227C63F50006221A2 /* DonorViewController.swift */ = {isa = PBXFileReference; lastKnownFileType = sourcecode.swift; path = DonorViewController.swift; sourceTree = "<group>"; };
		EAE3C90A27B12C6300F42D16 /* MapViewController.swift */ = {isa = PBXFileReference; lastKnownFileType = sourcecode.swift; path = MapViewController.swift; sourceTree = "<group>"; };
/* End PBXFileReference section */

/* Begin PBXFrameworksBuildPhase section */
		EAC252C0276A26F00033F96F /* Frameworks */ = {
			isa = PBXFrameworksBuildPhase;
			buildActionMask = 2147483647;
			files = (
				0BF285CA90D39C621537FA03 /* Pods_BloodBank.framework in Frameworks */,
			);
			runOnlyForDeploymentPostprocessing = 0;
		};
/* End PBXFrameworksBuildPhase section */

/* Begin PBXGroup section */
		48B799AE9B68FBEEB82BC727 /* Frameworks */ = {
			isa = PBXGroup;
			children = (
				DB8F4C3B3A310575AD50AC30 /* Pods_BloodBank.framework */,
			);
			name = Frameworks;
			sourceTree = "<group>";
		};
		7CD4487022B47A0CDEE98D37 /* Pods */ = {
			isa = PBXGroup;
			children = (
				36C4F17C7D79E124463C5D81 /* Pods-BloodBank.debug.xcconfig */,
				D4BCE38A5AD392A36F890799 /* Pods-BloodBank.release.xcconfig */,
			);
			path = Pods;
			sourceTree = "<group>";
		};
		EA01A0A527C96F1800BDCC00 /* BookingAppointment */ = {
			isa = PBXGroup;
			children = (
				EA4278A127B01F9C002D444A /* AppointmentViewController.swift */,
				EA01A0A627C96F4E00BDCC00 /* NotFitAppointmentViewController.swift */,
				EA01A0B227C984A600BDCC00 /* InformationCenterViewController.swift */,
				EA01A0A827C96F6B00BDCC00 /* FitnessAppointmentViewController.swift */,
				EA01A0B027C9838700BDCC00 /* BookingAppointmentViewController.swift */,
				EAD3834B27D7BF3B00E87893 /* PickDateTimeViewController.swift */,
				EAD3834F27D806C300E87893 /* SheetViewController.swift */,
			);
			path = BookingAppointment;
			sourceTree = "<group>";
		};
		EA064CAC27A473C600A06257 /* AppScreens */ = {
			isa = PBXGroup;
			children = (
				EAB1C98E27A54DEE006BB209 /* TabBarController.swift */,
				EAEF17A527A48B8B0002FFA5 /* FirstScreens */,
				EAEF17A627A48B9B0002FFA5 /* SecondScreens */,
				EAEF17A727A48BA10002FFA5 /* ThirdScreens */,
				EAEF17A827A48BA30002FFA5 /* FourthScreens */,
			);
			path = AppScreens;
			sourceTree = "<group>";
		};
		EA09E71227A4C913009A0ED0 /* Fonts */ = {
			isa = PBXGroup;
			children = (
				EA6E702027C5C3CE00F1E76C /* Almarai-Regular.ttf */,
				EAD669EE27C6393C006221A2 /* Almarai-Bold.ttf */,
				EA01A0AA27C9774100BDCC00 /* Poppins-Regular.ttf */,
				EA01A0AE27C9777100BDCC00 /* Poppins-Bold.ttf */,
			);
			path = Fonts;
			sourceTree = "<group>";
		};
		EA91102127CD5E5300FA75E5 /* LottieAnimation */ = {
			isa = PBXGroup;
			children = (
			);
			path = LottieAnimation;
			sourceTree = "<group>";
		};
		EA91ED4A27CD0DD000F8D02A /* Supporting Files */ = {
			isa = PBXGroup;
			children = (
				EAC252C6276A26F00033F96F /* AppDelegate.swift */,
				EAC252C8276A26F00033F96F /* SceneDelegate.swift */,
			);
			path = "Supporting Files";
			sourceTree = "<group>";
		};
		EABDBFCF276CE98900738EA3 /* InterfaceViewControllers */ = {
			isa = PBXGroup;
			children = (
				EA86A9FC27CAD4F4006EA939 /* HomeNCViewController.swift */,
				EA99AAFC276CCF540083F0D1 /* HomeViewController.swift */,
				EABDBFC9276CE69F00738EA3 /* RegisterViewController.swift */,
				EABDBFCB276CE6A900738EA3 /* LoginViewController.swift */,
				EABDBFCD276CE6B500738EA3 /* HelpViewController.swift */,
			);
			path = InterfaceViewControllers;
			sourceTree = "<group>";
		};
		EAC252BA276A26F00033F96F = {
			isa = PBXGroup;
			children = (
				EAC252C5276A26F00033F96F /* BloodBank */,
				EAC252C4276A26F00033F96F /* Products */,
				7CD4487022B47A0CDEE98D37 /* Pods */,
				48B799AE9B68FBEEB82BC727 /* Frameworks */,
			);
			sourceTree = "<group>";
		};
		EAC252C4276A26F00033F96F /* Products */ = {
			isa = PBXGroup;
			children = (
				EAC252C3276A26F00033F96F /* BloodBank.app */,
			);
			name = Products;
			sourceTree = "<group>";
		};
		EAC252C5276A26F00033F96F /* BloodBank */ = {
			isa = PBXGroup;
			children = (
				EA91ED4A27CD0DD000F8D02A /* Supporting Files */,
				EA09E71227A4C913009A0ED0 /* Fonts */,
				EACC012D27A4272D00FFB92B /* Service */,
				EAC252EA276A3A2B0033F96F /* Utilities */,
				EAC252E3276A33320033F96F /* Extensions */,
				EAC252DA276A2E9F0033F96F /* Model */,
				EAC252DB276A2EAA0033F96F /* View */,
				EACC013F27A43A6600FFB92B /* Helper */,
				EAC252DC276A2EB40033F96F /* Controllers */,
				EAC252E1276A2F780033F96F /* Resources */,
				EAC252E2276A2F820033F96F /* Assets */,
				EAC252D4276A26F10033F96F /* Info.plist */,
			);
			path = BloodBank;
			sourceTree = "<group>";
		};
		EAC252DA276A2E9F0033F96F /* Model */ = {
			isa = PBXGroup;
			children = (
				EAC252E6276A34BF0033F96F /* OnboardingSlide.swift */,
				EAAD8336276D12C700381854 /* DataPicker.swift */,
				EA1915F627DBFA3100554FF9 /* Patient.swift */,
				EA818B0727E1140C00D36808 /* Sick.swift */,
			);
			path = Model;
			sourceTree = "<group>";
		};
		EAC252DB276A2EAA0033F96F /* View */ = {
			isa = PBXGroup;
			children = (
				EAC252E8276A37BC0033F96F /* OnboardingCollectionViewCell.swift */,
			);
			path = View;
			sourceTree = "<group>";
		};
		EAC252DC276A2EB40033F96F /* Controllers */ = {
			isa = PBXGroup;
			children = (
				EACC012B27A41E4F00FFB92B /* LoadingViewController.swift */,
				EAC252DD276A2EE80033F96F /* OnboardingViewController */,
				EABDBFCF276CE98900738EA3 /* InterfaceViewControllers */,
				EA064CAC27A473C600A06257 /* AppScreens */,
			);
			path = Controllers;
			sourceTree = "<group>";
		};
		EAC252DD276A2EE80033F96F /* OnboardingViewController */ = {
			isa = PBXGroup;
			children = (
				EAC252DE276A2F250033F96F /* OnboardingViewController.swift */,
			);
			path = OnboardingViewController;
			sourceTree = "<group>";
		};
		EAC252E1276A2F780033F96F /* Resources */ = {
			isa = PBXGroup;
			children = (
				EAC252CC276A26F00033F96F /* Main.storyboard */,
				EAC252D1276A26F10033F96F /* LaunchScreen.storyboard */,
			);
			path = Resources;
			sourceTree = "<group>";
		};
		EAC252E2276A2F820033F96F /* Assets */ = {
			isa = PBXGroup;
			children = (
				EAC252CF276A26F10033F96F /* Assets.xcassets */,
				EA91102127CD5E5300FA75E5 /* LottieAnimation */,
			);
			path = Assets;
			sourceTree = "<group>";
		};
		EAC252E3276A33320033F96F /* Extensions */ = {
			isa = PBXGroup;
			children = (
				EAC252E4276A335B0033F96F /* UiView+Extension.swift */,
				EAB1C99027A554A2006BB209 /* UiView + alert.swift */,
				EA9D400027DCF3D300776F14 /* UiView+Controller.swift */,
			);
			path = Extensions;
			sourceTree = "<group>";
		};
		EAC252EA276A3A2B0033F96F /* Utilities */ = {
			isa = PBXGroup;
			children = (
				EAC252EB276A3A4C0033F96F /* Constants.swift */,
			);
			path = Utilities;
			sourceTree = "<group>";
		};
		EAC46E9C27C500FF00711C68 /* HamburgerMenu */ = {
			isa = PBXGroup;
			children = (
				EA8676CF27A6C70A00E95283 /* HamburgerViewController.swift */,
				EA4278A527B025BF002D444A /* DonationHistoryViewController.swift */,
				EA4278A727B025D4002D444A /* HelpAndSupportViewController.swift */,
				EA4278A927B025E9002D444A /* PrivacyViewController.swift */,
				EA4278AB27B025FB002D444A /* SettingViewController.swift */,
			);
			path = HamburgerMenu;
			sourceTree = "<group>";
		};
		EACC012D27A4272D00FFB92B /* Service */ = {
			isa = PBXGroup;
			children = (
				EACC012E27A4275700FFB92B /* NavigationManager.swift */,
				EACC013027A42C4D00FFB92B /* StorageManager.swift */,
				EA86A9FA27CA31FB006EA939 /* UserDefultsManager.swift */,
			);
			path = Service;
			sourceTree = "<group>";
		};
		EACC013F27A43A6600FFB92B /* Helper */ = {
			isa = PBXGroup;
			children = (
				EACC013A27A43A5A00FFB92B /* UserCustomBtn.swift */,
				EACC013B27A43A5A00FFB92B /* UserCustomTF.swift */,
				EACC013927A43A5A00FFB92B /* UserGradientBackground.swift */,
				EA45BFAD27C5AC4800D56AEC /* NavigationBar.swift */,
			);
			path = Helper;
			sourceTree = "<group>";
		};
		EAE615D927D962DB00A56C5A /* DonateBlood */ = {
			isa = PBXGroup;
			children = (
				EA45BFA527C5996B00D56AEC /* DonateBloodViewController.swift */,
				EA4278A327B025A7002D444A /* RequestViewController.swift */,
				EAF7D49027E1410300743163 /* RequestCell */,
				EA1915F827DC27B100554FF9 /* DetailsCellViewController.swift */,
			);
			path = DonateBlood;
			sourceTree = "<group>";
		};
		EAE615DA27D962EC00A56C5A /* RequestBlood */ = {
			isa = PBXGroup;
			children = (
				EA45BFA727C5997E00D56AEC /* RequestBloodViewController.swift */,
				EAA3C9D327DFB546007C5B47 /* SecondRequestBloodViewController.swift */,
			);
			path = RequestBlood;
			sourceTree = "<group>";
		};
		EAE615DB27D962F800A56C5A /* EducateYourself */ = {
			isa = PBXGroup;
			children = (
				EA45BFA927C5999200D56AEC /* EducateYourselfViewController.swift */,
			);
			path = EducateYourself;
			sourceTree = "<group>";
		};
		EAEF17A527A48B8B0002FFA5 /* FirstScreens */ = {
			isa = PBXGroup;
			children = (
				EA064CAD27A4750600A06257 /* MainViewController.swift */,
				EA2484CF27B6D52900103DE7 /* NotificationViewController.swift */,
				EA01A0A527C96F1800BDCC00 /* BookingAppointment */,
				EAE615D927D962DB00A56C5A /* DonateBlood */,
				EAE615DA27D962EC00A56C5A /* RequestBlood */,
				EAE615DB27D962F800A56C5A /* EducateYourself */,
				EAC46E9C27C500FF00711C68 /* HamburgerMenu */,
			);
			path = FirstScreens;
			sourceTree = "<group>";
		};
		EAEF17A627A48B9B0002FFA5 /* SecondScreens */ = {
			isa = PBXGroup;
			children = (
				EAD669F027C63A72006221A2 /* AppointmentMainViewController.swift */,
			);
			path = SecondScreens;
			sourceTree = "<group>";
		};
		EAEF17A727A48BA10002FFA5 /* ThirdScreens */ = {
			isa = PBXGroup;
			children = (
				EAE3C90A27B12C6300F42D16 /* MapViewController.swift */,
			);
			path = ThirdScreens;
			sourceTree = "<group>";
		};
		EAEF17A827A48BA30002FFA5 /* FourthScreens */ = {
			isa = PBXGroup;
			children = (
				EAD669F227C63F50006221A2 /* DonorViewController.swift */,
			);
			path = FourthScreens;
			sourceTree = "<group>";
		};
		EAF7D49027E1410300743163 /* RequestCell */ = {
			isa = PBXGroup;
			children = (
				EA1831C527DA6C1000D9BA90 /* RequestsTableViewCell.swift */,
				EA1831C627DA6C1000D9BA90 /* RequestsTableViewCell.xib */,
			);
			path = RequestCell;
			sourceTree = "<group>";
		};
/* End PBXGroup section */

/* Begin PBXNativeTarget section */
		EAC252C2276A26F00033F96F /* BloodBank */ = {
			isa = PBXNativeTarget;
			buildConfigurationList = EAC252D7276A26F10033F96F /* Build configuration list for PBXNativeTarget "BloodBank" */;
			buildPhases = (
				D58E08998672266A6630D8BB /* [CP] Check Pods Manifest.lock */,
				EAC252BF276A26F00033F96F /* Sources */,
				EAC252C0276A26F00033F96F /* Frameworks */,
				EAC252C1276A26F00033F96F /* Resources */,
				CD802A4492543F41287CCB90 /* [CP] Embed Pods Frameworks */,
			);
			buildRules = (
			);
			dependencies = (
			);
			name = BloodBank;
			productName = BloodBank;
			productReference = EAC252C3276A26F00033F96F /* BloodBank.app */;
			productType = "com.apple.product-type.application";
		};
/* End PBXNativeTarget section */

/* Begin PBXProject section */
		EAC252BB276A26F00033F96F /* Project object */ = {
			isa = PBXProject;
			attributes = {
				BuildIndependentTargetsInParallel = 1;
				LastSwiftUpdateCheck = 1310;
				LastUpgradeCheck = 1310;
				TargetAttributes = {
					EAC252C2276A26F00033F96F = {
						CreatedOnToolsVersion = 13.1;
					};
				};
			};
			buildConfigurationList = EAC252BE276A26F00033F96F /* Build configuration list for PBXProject "BloodBank" */;
			compatibilityVersion = "Xcode 13.0";
			developmentRegion = en;
			hasScannedForEncodings = 0;
			knownRegions = (
				en,
				Base,
			);
			mainGroup = EAC252BA276A26F00033F96F;
			productRefGroup = EAC252C4276A26F00033F96F /* Products */;
			projectDirPath = "";
			projectRoot = "";
			targets = (
				EAC252C2276A26F00033F96F /* BloodBank */,
			);
		};
/* End PBXProject section */

/* Begin PBXResourcesBuildPhase section */
		EAC252C1276A26F00033F96F /* Resources */ = {
			isa = PBXResourcesBuildPhase;
			buildActionMask = 2147483647;
			files = (
				EAC252D3276A26F10033F96F /* LaunchScreen.storyboard in Resources */,
				EA1831C827DA6C1000D9BA90 /* RequestsTableViewCell.xib in Resources */,
				EAD669EF27C6393C006221A2 /* Almarai-Bold.ttf in Resources */,
				EA01A0AF27C9777100BDCC00 /* Poppins-Bold.ttf in Resources */,
				EA01A0AB27C9774100BDCC00 /* Poppins-Regular.ttf in Resources */,
				EA6E702127C5C3CE00F1E76C /* Almarai-Regular.ttf in Resources */,
				EAC252D0276A26F10033F96F /* Assets.xcassets in Resources */,
				EAC252CE276A26F00033F96F /* Main.storyboard in Resources */,
			);
			runOnlyForDeploymentPostprocessing = 0;
		};
/* End PBXResourcesBuildPhase section */

/* Begin PBXShellScriptBuildPhase section */
		CD802A4492543F41287CCB90 /* [CP] Embed Pods Frameworks */ = {
			isa = PBXShellScriptBuildPhase;
			buildActionMask = 2147483647;
			files = (
			);
			inputFileListPaths = (
				"${PODS_ROOT}/Target Support Files/Pods-BloodBank/Pods-BloodBank-frameworks-${CONFIGURATION}-input-files.xcfilelist",
			);
			name = "[CP] Embed Pods Frameworks";
			outputFileListPaths = (
				"${PODS_ROOT}/Target Support Files/Pods-BloodBank/Pods-BloodBank-frameworks-${CONFIGURATION}-output-files.xcfilelist",
			);
			runOnlyForDeploymentPostprocessing = 0;
			shellPath = /bin/sh;
			shellScript = "\"${PODS_ROOT}/Target Support Files/Pods-BloodBank/Pods-BloodBank-frameworks.sh\"\n";
			showEnvVarsInLog = 0;
		};
		D58E08998672266A6630D8BB /* [CP] Check Pods Manifest.lock */ = {
			isa = PBXShellScriptBuildPhase;
			buildActionMask = 2147483647;
			files = (
			);
			inputFileListPaths = (
			);
			inputPaths = (
				"${PODS_PODFILE_DIR_PATH}/Podfile.lock",
				"${PODS_ROOT}/Manifest.lock",
			);
			name = "[CP] Check Pods Manifest.lock";
			outputFileListPaths = (
			);
			outputPaths = (
				"$(DERIVED_FILE_DIR)/Pods-BloodBank-checkManifestLockResult.txt",
			);
			runOnlyForDeploymentPostprocessing = 0;
			shellPath = /bin/sh;
			shellScript = "diff \"${PODS_PODFILE_DIR_PATH}/Podfile.lock\" \"${PODS_ROOT}/Manifest.lock\" > /dev/null\nif [ $? != 0 ] ; then\n    # print error to STDERR\n    echo \"error: The sandbox is not in sync with the Podfile.lock. Run 'pod install' or update your CocoaPods installation.\" >&2\n    exit 1\nfi\n# This output is used by Xcode 'outputs' to avoid re-running this script phase.\necho \"SUCCESS\" > \"${SCRIPT_OUTPUT_FILE_0}\"\n";
			showEnvVarsInLog = 0;
		};
/* End PBXShellScriptBuildPhase section */

/* Begin PBXSourcesBuildPhase section */
		EAC252BF276A26F00033F96F /* Sources */ = {
			isa = PBXSourcesBuildPhase;
			buildActionMask = 2147483647;
			files = (
				EA4278AC27B025FB002D444A /* SettingViewController.swift in Sources */,
				EA01A0A727C96F4E00BDCC00 /* NotFitAppointmentViewController.swift in Sources */,
				EA4278A227B01F9C002D444A /* AppointmentViewController.swift in Sources */,
				EA818B0827E1140C00D36808 /* Sick.swift in Sources */,
				EA4278A827B025D4002D444A /* HelpAndSupportViewController.swift in Sources */,
				EA1831C727DA6C1000D9BA90 /* RequestsTableViewCell.swift in Sources */,
				EA4278AA27B025E9002D444A /* PrivacyViewController.swift in Sources */,
				EA4278A427B025A7002D444A /* RequestViewController.swift in Sources */,
				EA86A9FD27CAD4F4006EA939 /* HomeNCViewController.swift in Sources */,
				EAD669F327C63F50006221A2 /* DonorViewController.swift in Sources */,
				EABDBFCE276CE6B500738EA3 /* HelpViewController.swift in Sources */,
				EAD3834C27D7BF3B00E87893 /* PickDateTimeViewController.swift in Sources */,
				EA45BFA827C5997E00D56AEC /* RequestBloodViewController.swift in Sources */,
				EABDBFCA276CE69F00738EA3 /* RegisterViewController.swift in Sources */,
				EACC013127A42C4D00FFB92B /* StorageManager.swift in Sources */,
				EACC012C27A41E4F00FFB92B /* LoadingViewController.swift in Sources */,
				EACC013C27A43A5A00FFB92B /* UserGradientBackground.swift in Sources */,
				EA1915F927DC27B100554FF9 /* DetailsCellViewController.swift in Sources */,
				EA064CAE27A4750600A06257 /* MainViewController.swift in Sources */,
				EAC252E7276A34BF0033F96F /* OnboardingSlide.swift in Sources */,
				EAE3C90B27B12C6300F42D16 /* MapViewController.swift in Sources */,
				EA86A9FB27CA31FB006EA939 /* UserDefultsManager.swift in Sources */,
				EACC013D27A43A5A00FFB92B /* UserCustomBtn.swift in Sources */,
				EA4278A627B025BF002D444A /* DonationHistoryViewController.swift in Sources */,
				EAC252C7276A26F00033F96F /* AppDelegate.swift in Sources */,
				EAD669F127C63A72006221A2 /* AppointmentMainViewController.swift in Sources */,
				EA45BFAE27C5AC4800D56AEC /* NavigationBar.swift in Sources */,
				EAD3835027D806C300E87893 /* SheetViewController.swift in Sources */,
				EA8676D027A6C70A00E95283 /* HamburgerViewController.swift in Sources */,
				EAA3C9D427DFB546007C5B47 /* SecondRequestBloodViewController.swift in Sources */,
				EA01A0B327C984A600BDCC00 /* InformationCenterViewController.swift in Sources */,
				EAC252DF276A2F250033F96F /* OnboardingViewController.swift in Sources */,
				EA99AAFD276CCF540083F0D1 /* HomeViewController.swift in Sources */,
				EA45BFA627C5996B00D56AEC /* DonateBloodViewController.swift in Sources */,
				EAC252E5276A335B0033F96F /* UiView+Extension.swift in Sources */,
				EA2484D027B6D52900103DE7 /* NotificationViewController.swift in Sources */,
				EAAD8337276D12C800381854 /* DataPicker.swift in Sources */,
				EACC012F27A4275700FFB92B /* NavigationManager.swift in Sources */,
				EA01A0B127C9838700BDCC00 /* BookingAppointmentViewController.swift in Sources */,
				EAB1C99127A554A2006BB209 /* UiView + alert.swift in Sources */,
				EAC252EC276A3A4C0033F96F /* Constants.swift in Sources */,
				EA01A0A927C96F6B00BDCC00 /* FitnessAppointmentViewController.swift in Sources */,
				EAC252C9276A26F00033F96F /* SceneDelegate.swift in Sources */,
				EA45BFAA27C5999200D56AEC /* EducateYourselfViewController.swift in Sources */,
				EA9D400127DCF3D300776F14 /* UiView+Controller.swift in Sources */,
				EABDBFCC276CE6A900738EA3 /* LoginViewController.swift in Sources */,
				EAB1C98F27A54DEE006BB209 /* TabBarController.swift in Sources */,
				EAC252E9276A37BC0033F96F /* OnboardingCollectionViewCell.swift in Sources */,
				EACC013E27A43A5A00FFB92B /* UserCustomTF.swift in Sources */,
				EA1915F727DBFA3100554FF9 /* Patient.swift in Sources */,
			);
			runOnlyForDeploymentPostprocessing = 0;
		};
/* End PBXSourcesBuildPhase section */

/* Begin PBXVariantGroup section */
		EAC252CC276A26F00033F96F /* Main.storyboard */ = {
			isa = PBXVariantGroup;
			children = (
				EAC252CD276A26F00033F96F /* Base */,
			);
			name = Main.storyboard;
			sourceTree = "<group>";
		};
		EAC252D1276A26F10033F96F /* LaunchScreen.storyboard */ = {
			isa = PBXVariantGroup;
			children = (
				EAC252D2276A26F10033F96F /* Base */,
			);
			name = LaunchScreen.storyboard;
			sourceTree = "<group>";
		};
/* End PBXVariantGroup section */

/* Begin XCBuildConfiguration section */
		EAC252D5276A26F10033F96F /* Debug */ = {
			isa = XCBuildConfiguration;
			buildSettings = {
				ALWAYS_SEARCH_USER_PATHS = NO;
				CLANG_ANALYZER_NONNULL = YES;
				CLANG_ANALYZER_NUMBER_OBJECT_CONVERSION = YES_AGGRESSIVE;
				CLANG_CXX_LANGUAGE_STANDARD = "gnu++17";
				CLANG_CXX_LIBRARY = "libc++";
				CLANG_ENABLE_MODULES = YES;
				CLANG_ENABLE_OBJC_ARC = YES;
				CLANG_ENABLE_OBJC_WEAK = YES;
				CLANG_WARN_BLOCK_CAPTURE_AUTORELEASING = YES;
				CLANG_WARN_BOOL_CONVERSION = YES;
				CLANG_WARN_COMMA = YES;
				CLANG_WARN_CONSTANT_CONVERSION = YES;
				CLANG_WARN_DEPRECATED_OBJC_IMPLEMENTATIONS = YES;
				CLANG_WARN_DIRECT_OBJC_ISA_USAGE = YES_ERROR;
				CLANG_WARN_DOCUMENTATION_COMMENTS = YES;
				CLANG_WARN_EMPTY_BODY = YES;
				CLANG_WARN_ENUM_CONVERSION = YES;
				CLANG_WARN_INFINITE_RECURSION = YES;
				CLANG_WARN_INT_CONVERSION = YES;
				CLANG_WARN_NON_LITERAL_NULL_CONVERSION = YES;
				CLANG_WARN_OBJC_IMPLICIT_RETAIN_SELF = YES;
				CLANG_WARN_OBJC_LITERAL_CONVERSION = YES;
				CLANG_WARN_OBJC_ROOT_CLASS = YES_ERROR;
				CLANG_WARN_QUOTED_INCLUDE_IN_FRAMEWORK_HEADER = YES;
				CLANG_WARN_RANGE_LOOP_ANALYSIS = YES;
				CLANG_WARN_STRICT_PROTOTYPES = YES;
				CLANG_WARN_SUSPICIOUS_MOVE = YES;
				CLANG_WARN_UNGUARDED_AVAILABILITY = YES_AGGRESSIVE;
				CLANG_WARN_UNREACHABLE_CODE = YES;
				CLANG_WARN__DUPLICATE_METHOD_MATCH = YES;
				COPY_PHASE_STRIP = NO;
				DEBUG_INFORMATION_FORMAT = dwarf;
				ENABLE_STRICT_OBJC_MSGSEND = YES;
				ENABLE_TESTABILITY = YES;
				GCC_C_LANGUAGE_STANDARD = gnu11;
				GCC_DYNAMIC_NO_PIC = NO;
				GCC_NO_COMMON_BLOCKS = YES;
				GCC_OPTIMIZATION_LEVEL = 0;
				GCC_PREPROCESSOR_DEFINITIONS = (
					"DEBUG=1",
					"$(inherited)",
				);
				GCC_WARN_64_TO_32_BIT_CONVERSION = YES;
				GCC_WARN_ABOUT_RETURN_TYPE = YES_ERROR;
				GCC_WARN_UNDECLARED_SELECTOR = YES;
				GCC_WARN_UNINITIALIZED_AUTOS = YES_AGGRESSIVE;
				GCC_WARN_UNUSED_FUNCTION = YES;
				GCC_WARN_UNUSED_VARIABLE = YES;
				IPHONEOS_DEPLOYMENT_TARGET = 15.0;
				MTL_ENABLE_DEBUG_INFO = INCLUDE_SOURCE;
				MTL_FAST_MATH = YES;
				ONLY_ACTIVE_ARCH = YES;
				SDKROOT = iphoneos;
				SWIFT_ACTIVE_COMPILATION_CONDITIONS = DEBUG;
				SWIFT_OPTIMIZATION_LEVEL = "-Onone";
			};
			name = Debug;
		};
		EAC252D6276A26F10033F96F /* Release */ = {
			isa = XCBuildConfiguration;
			buildSettings = {
				ALWAYS_SEARCH_USER_PATHS = NO;
				CLANG_ANALYZER_NONNULL = YES;
				CLANG_ANALYZER_NUMBER_OBJECT_CONVERSION = YES_AGGRESSIVE;
				CLANG_CXX_LANGUAGE_STANDARD = "gnu++17";
				CLANG_CXX_LIBRARY = "libc++";
				CLANG_ENABLE_MODULES = YES;
				CLANG_ENABLE_OBJC_ARC = YES;
				CLANG_ENABLE_OBJC_WEAK = YES;
				CLANG_WARN_BLOCK_CAPTURE_AUTORELEASING = YES;
				CLANG_WARN_BOOL_CONVERSION = YES;
				CLANG_WARN_COMMA = YES;
				CLANG_WARN_CONSTANT_CONVERSION = YES;
				CLANG_WARN_DEPRECATED_OBJC_IMPLEMENTATIONS = YES;
				CLANG_WARN_DIRECT_OBJC_ISA_USAGE = YES_ERROR;
				CLANG_WARN_DOCUMENTATION_COMMENTS = YES;
				CLANG_WARN_EMPTY_BODY = YES;
				CLANG_WARN_ENUM_CONVERSION = YES;
				CLANG_WARN_INFINITE_RECURSION = YES;
				CLANG_WARN_INT_CONVERSION = YES;
				CLANG_WARN_NON_LITERAL_NULL_CONVERSION = YES;
				CLANG_WARN_OBJC_IMPLICIT_RETAIN_SELF = YES;
				CLANG_WARN_OBJC_LITERAL_CONVERSION = YES;
				CLANG_WARN_OBJC_ROOT_CLASS = YES_ERROR;
				CLANG_WARN_QUOTED_INCLUDE_IN_FRAMEWORK_HEADER = YES;
				CLANG_WARN_RANGE_LOOP_ANALYSIS = YES;
				CLANG_WARN_STRICT_PROTOTYPES = YES;
				CLANG_WARN_SUSPICIOUS_MOVE = YES;
				CLANG_WARN_UNGUARDED_AVAILABILITY = YES_AGGRESSIVE;
				CLANG_WARN_UNREACHABLE_CODE = YES;
				CLANG_WARN__DUPLICATE_METHOD_MATCH = YES;
				COPY_PHASE_STRIP = NO;
				DEBUG_INFORMATION_FORMAT = "dwarf-with-dsym";
				ENABLE_NS_ASSERTIONS = NO;
				ENABLE_STRICT_OBJC_MSGSEND = YES;
				GCC_C_LANGUAGE_STANDARD = gnu11;
				GCC_NO_COMMON_BLOCKS = YES;
				GCC_WARN_64_TO_32_BIT_CONVERSION = YES;
				GCC_WARN_ABOUT_RETURN_TYPE = YES_ERROR;
				GCC_WARN_UNDECLARED_SELECTOR = YES;
				GCC_WARN_UNINITIALIZED_AUTOS = YES_AGGRESSIVE;
				GCC_WARN_UNUSED_FUNCTION = YES;
				GCC_WARN_UNUSED_VARIABLE = YES;
				IPHONEOS_DEPLOYMENT_TARGET = 15.0;
				MTL_ENABLE_DEBUG_INFO = NO;
				MTL_FAST_MATH = YES;
				SDKROOT = iphoneos;
				SWIFT_COMPILATION_MODE = wholemodule;
				SWIFT_OPTIMIZATION_LEVEL = "-O";
				VALIDATE_PRODUCT = YES;
			};
			name = Release;
		};
		EAC252D8276A26F10033F96F /* Debug */ = {
			isa = XCBuildConfiguration;
			baseConfigurationReference = 36C4F17C7D79E124463C5D81 /* Pods-BloodBank.debug.xcconfig */;
			buildSettings = {
				ASSETCATALOG_COMPILER_APPICON_NAME = AppIcon;
				ASSETCATALOG_COMPILER_GLOBAL_ACCENT_COLOR_NAME = AccentColor;
				CODE_SIGN_STYLE = Automatic;
				CURRENT_PROJECT_VERSION = 1;
				DEVELOPMENT_TEAM = 3TWF5CMBRA;
				GENERATE_INFOPLIST_FILE = YES;
				INFOPLIST_FILE = BloodBank/Info.plist;
				INFOPLIST_KEY_NSLocationAlwaysAndWhenInUseUsageDescription = "Let app use location for better user expeirence";
				INFOPLIST_KEY_NSLocationWhenInUseUsageDescription = "Let app use location for better user expeirence";
				INFOPLIST_KEY_UIApplicationSupportsIndirectInputEvents = YES;
				INFOPLIST_KEY_UILaunchStoryboardName = LaunchScreen;
				INFOPLIST_KEY_UIMainStoryboardFile = Main;
				INFOPLIST_KEY_UISupportedInterfaceOrientations_iPad = "UIInterfaceOrientationPortrait UIInterfaceOrientationPortraitUpsideDown UIInterfaceOrientationLandscapeLeft UIInterfaceOrientationLandscapeRight";
				INFOPLIST_KEY_UISupportedInterfaceOrientations_iPhone = "UIInterfaceOrientationPortrait UIInterfaceOrientationLandscapeLeft UIInterfaceOrientationLandscapeRight";
				IPHONEOS_DEPLOYMENT_TARGET = 15.2;
				LD_RUNPATH_SEARCH_PATHS = (
					"$(inherited)",
					"@executable_path/Frameworks",
				);
				MARKETING_VERSION = 1.0;
				PRODUCT_BUNDLE_IDENTIFIER = khaled2024.BloodBank;
				PRODUCT_NAME = "$(TARGET_NAME)";
				SWIFT_EMIT_LOC_STRINGS = YES;
				SWIFT_VERSION = 5.0;
				TARGETED_DEVICE_FAMILY = "1,2";
			};
			name = Debug;
		};
		EAC252D9276A26F10033F96F /* Release */ = {
			isa = XCBuildConfiguration;
			baseConfigurationReference = D4BCE38A5AD392A36F890799 /* Pods-BloodBank.release.xcconfig */;
			buildSettings = {
				ASSETCATALOG_COMPILER_APPICON_NAME = AppIcon;
				ASSETCATALOG_COMPILER_GLOBAL_ACCENT_COLOR_NAME = AccentColor;
				CODE_SIGN_STYLE = Automatic;
				CURRENT_PROJECT_VERSION = 1;
				DEVELOPMENT_TEAM = 3TWF5CMBRA;
				GENERATE_INFOPLIST_FILE = YES;
				INFOPLIST_FILE = BloodBank/Info.plist;
				INFOPLIST_KEY_NSLocationAlwaysAndWhenInUseUsageDescription = "Let app use location for better user expeirence";
				INFOPLIST_KEY_NSLocationWhenInUseUsageDescription = "Let app use location for better user expeirence";
				INFOPLIST_KEY_UIApplicationSupportsIndirectInputEvents = YES;
				INFOPLIST_KEY_UILaunchStoryboardName = LaunchScreen;
				INFOPLIST_KEY_UIMainStoryboardFile = Main;
				INFOPLIST_KEY_UISupportedInterfaceOrientations_iPad = "UIInterfaceOrientationPortrait UIInterfaceOrientationPortraitUpsideDown UIInterfaceOrientationLandscapeLeft UIInterfaceOrientationLandscapeRight";
				INFOPLIST_KEY_UISupportedInterfaceOrientations_iPhone = "UIInterfaceOrientationPortrait UIInterfaceOrientationLandscapeLeft UIInterfaceOrientationLandscapeRight";
				IPHONEOS_DEPLOYMENT_TARGET = 15.2;
				LD_RUNPATH_SEARCH_PATHS = (
					"$(inherited)",
					"@executable_path/Frameworks",
				);
				MARKETING_VERSION = 1.0;
				PRODUCT_BUNDLE_IDENTIFIER = khaled2024.BloodBank;
				PRODUCT_NAME = "$(TARGET_NAME)";
				SWIFT_EMIT_LOC_STRINGS = YES;
				SWIFT_VERSION = 5.0;
				TARGETED_DEVICE_FAMILY = "1,2";
			};
			name = Release;
		};
/* End XCBuildConfiguration section */

/* Begin XCConfigurationList section */
		EAC252BE276A26F00033F96F /* Build configuration list for PBXProject "BloodBank" */ = {
			isa = XCConfigurationList;
			buildConfigurations = (
				EAC252D5276A26F10033F96F /* Debug */,
				EAC252D6276A26F10033F96F /* Release */,
			);
			defaultConfigurationIsVisible = 0;
			defaultConfigurationName = Release;
		};
		EAC252D7276A26F10033F96F /* Build configuration list for PBXNativeTarget "BloodBank" */ = {
			isa = XCConfigurationList;
			buildConfigurations = (
				EAC252D8276A26F10033F96F /* Debug */,
				EAC252D9276A26F10033F96F /* Release */,
			);
			defaultConfigurationIsVisible = 0;
			defaultConfigurationName = Release;
		};
/* End XCConfigurationList section */
	};
	rootObject = EAC252BB276A26F00033F96F /* Project object */;
}
