// !$*UTF8*$!
{
	archiveVersion = 1;
	classes = {
	};
	objectVersion = 55;
	objects = {

/* Begin PBXBuildFile section */
		0BF285CA90D39C621537FA03 /* Pods_BloodBank.framework in Frameworks */ = {isa = PBXBuildFile; fileRef = DB8F4C3B3A310575AD50AC30 /* Pods_BloodBank.framework */; };
		EA01A0A727C96F4E00BDCC00 /* NotFitAppointmentViewController.swift in Sources */ = {isa = PBXBuildFile; fileRef = EA01A0A627C96F4E00BDCC00 /* NotFitAppointmentViewController.swift */; };
		EA01A0A927C96F6B00BDCC00 /* FitnessAppointmentViewController.swift in Sources */ = {isa = PBXBuildFile; fileRef = EA01A0A827C96F6B00BDCC00 /* FitnessAppointmentViewController.swift */; };
		EA01A0AB27C9774100BDCC00 /* Poppins-Regular.ttf in Resources */ = {isa = PBXBuildFile; fileRef = EA01A0AA27C9774100BDCC00 /* Poppins-Regular.ttf */; };
		EA01A0AF27C9777100BDCC00 /* Poppins-Bold.ttf in Resources */ = {isa = PBXBuildFile; fileRef = EA01A0AE27C9777100BDCC00 /* Poppins-Bold.ttf */; };
		EA01A0B127C9838700BDCC00 /* BookingAppointmentViewController.swift in Sources */ = {isa = PBXBuildFile; fileRef = EA01A0B027C9838700BDCC00 /* BookingAppointmentViewController.swift */; };
		EA01A0B327C984A600BDCC00 /* InformationCenterViewController.swift in Sources */ = {isa = PBXBuildFile; fileRef = EA01A0B227C984A600BDCC00 /* InformationCenterViewController.swift */; };
		EA064CAE27A4750600A06257 /* MainViewController.swift in Sources */ = {isa = PBXBuildFile; fileRef = EA064CAD27A4750600A06257 /* MainViewController.swift */; };
		EA0A078D282D93F2000C3EDF /* Available_Blood.swift in Sources */ = {isa = PBXBuildFile; fileRef = EA0A078C282D93F2000C3EDF /* Available_Blood.swift */; };
		EA0A078F282DAD5B000C3EDF /* Data.swift in Sources */ = {isa = PBXBuildFile; fileRef = EA0A078E282DAD5B000C3EDF /* Data.swift */; };
		EA1153BC2816E6DE0053C50B /* User.swift in Sources */ = {isa = PBXBuildFile; fileRef = EA1153BB2816E6DE0053C50B /* User.swift */; };
		EA17CD7C27FCFE4F00F356EE /* Almarai-ExtraBold.ttf in Resources */ = {isa = PBXBuildFile; fileRef = EA17CD7B27FCFE4F00F356EE /* Almarai-ExtraBold.ttf */; };
		EA1831C727DA6C1000D9BA90 /* RequestsTableViewCell.swift in Sources */ = {isa = PBXBuildFile; fileRef = EA1831C527DA6C1000D9BA90 /* RequestsTableViewCell.swift */; };
		EA1831C827DA6C1000D9BA90 /* RequestsTableViewCell.xib in Resources */ = {isa = PBXBuildFile; fileRef = EA1831C627DA6C1000D9BA90 /* RequestsTableViewCell.xib */; };
		EA1915F727DBFA3100554FF9 /* Patient.swift in Sources */ = {isa = PBXBuildFile; fileRef = EA1915F627DBFA3100554FF9 /* Patient.swift */; };
		EA1915F927DC27B100554FF9 /* DetailsCellViewController.swift in Sources */ = {isa = PBXBuildFile; fileRef = EA1915F827DC27B100554FF9 /* DetailsCellViewController.swift */; };
		EA1F21C2280C601D00DE49F9 /* HistoryVaccineCell.swift in Sources */ = {isa = PBXBuildFile; fileRef = EA1F21C0280C601D00DE49F9 /* HistoryVaccineCell.swift */; };
		EA1F21C3280C601D00DE49F9 /* HistoryVaccineCell.xib in Resources */ = {isa = PBXBuildFile; fileRef = EA1F21C1280C601D00DE49F9 /* HistoryVaccineCell.xib */; };
		EA1F21C6280C73C200DE49F9 /* BloodOrderCell.swift in Sources */ = {isa = PBXBuildFile; fileRef = EA1F21C4280C73C200DE49F9 /* BloodOrderCell.swift */; };
		EA1F21C7280C73C200DE49F9 /* BloodOrderCell.xib in Resources */ = {isa = PBXBuildFile; fileRef = EA1F21C5280C73C200DE49F9 /* BloodOrderCell.xib */; };
		EA1F21CC280C927C00DE49F9 /* LastDonateHistoryCell.swift in Sources */ = {isa = PBXBuildFile; fileRef = EA1F21CA280C927C00DE49F9 /* LastDonateHistoryCell.swift */; };
		EA1F21CD280C927C00DE49F9 /* LastDonateHistoryCell.xib in Resources */ = {isa = PBXBuildFile; fileRef = EA1F21CB280C927C00DE49F9 /* LastDonateHistoryCell.xib */; };
		EA215BFC27E7EB98005A9843 /* EducateCollectionViewCell.swift in Sources */ = {isa = PBXBuildFile; fileRef = EA215BFB27E7EB98005A9843 /* EducateCollectionViewCell.swift */; };
		EA215BFE27E7FA36005A9843 /* String+URL.swift in Sources */ = {isa = PBXBuildFile; fileRef = EA215BFD27E7FA36005A9843 /* String+URL.swift */; };
		EA215C0027E80057005A9843 /* EducateDetailsViewController.swift in Sources */ = {isa = PBXBuildFile; fileRef = EA215BFF27E80057005A9843 /* EducateDetailsViewController.swift */; };
		EA2A523827EA429300D92ED3 /* CoronaStatsViewController.swift in Sources */ = {isa = PBXBuildFile; fileRef = EA2A523727EA429300D92ED3 /* CoronaStatsViewController.swift */; };
		EA2AF7ED28102C0400ECCB55 /* VolunteersTableViewCell.swift in Sources */ = {isa = PBXBuildFile; fileRef = EA2AF7EB28102C0400ECCB55 /* VolunteersTableViewCell.swift */; };
		EA2AF7EE28102C0400ECCB55 /* VolunteersTableViewCell.xib in Resources */ = {isa = PBXBuildFile; fileRef = EA2AF7EC28102C0400ECCB55 /* VolunteersTableViewCell.xib */; };
		EA32DC6D282215C800856119 /* LastDonate.swift in Sources */ = {isa = PBXBuildFile; fileRef = EA32DC6C282215C800856119 /* LastDonate.swift */; };
		EA34861927FB4F72004A6667 /* VaccineRequestViewController.swift in Sources */ = {isa = PBXBuildFile; fileRef = EA34861827FB4F71004A6667 /* VaccineRequestViewController.swift */; };
		EA4278A227B01F9C002D444A /* AppointmentViewController.swift in Sources */ = {isa = PBXBuildFile; fileRef = EA4278A127B01F9C002D444A /* AppointmentViewController.swift */; };
		EA4278A427B025A7002D444A /* RequestViewController.swift in Sources */ = {isa = PBXBuildFile; fileRef = EA4278A327B025A7002D444A /* RequestViewController.swift */; };
		EA4278A827B025D4002D444A /* HelpAndSupportViewController.swift in Sources */ = {isa = PBXBuildFile; fileRef = EA4278A727B025D4002D444A /* HelpAndSupportViewController.swift */; };
		EA4278AC27B025FB002D444A /* SettingViewController.swift in Sources */ = {isa = PBXBuildFile; fileRef = EA4278AB27B025FB002D444A /* SettingViewController.swift */; };
		EA4402F127EA80200034C6AF /* CustomView.swift in Sources */ = {isa = PBXBuildFile; fileRef = EA4402F027EA80200034C6AF /* CustomView.swift */; };
		EA45BFA627C5996B00D56AEC /* DonateBloodViewController.swift in Sources */ = {isa = PBXBuildFile; fileRef = EA45BFA527C5996B00D56AEC /* DonateBloodViewController.swift */; };
		EA45BFA827C5997E00D56AEC /* RequestBloodViewController.swift in Sources */ = {isa = PBXBuildFile; fileRef = EA45BFA727C5997E00D56AEC /* RequestBloodViewController.swift */; };
		EA45BFAA27C5999200D56AEC /* EducateYourselfViewController.swift in Sources */ = {isa = PBXBuildFile; fileRef = EA45BFA927C5999200D56AEC /* EducateYourselfViewController.swift */; };
		EA45BFAE27C5AC4800D56AEC /* NavigationBar.swift in Sources */ = {isa = PBXBuildFile; fileRef = EA45BFAD27C5AC4800D56AEC /* NavigationBar.swift */; };
		EA45D3B327E4E0DA0072E19C /* RequestProtocol.swift in Sources */ = {isa = PBXBuildFile; fileRef = EA45D3B027E4E0DA0072E19C /* RequestProtocol.swift */; };
		EA45D3B427E4E0DA0072E19C /* SessionManager.swift in Sources */ = {isa = PBXBuildFile; fileRef = EA45D3B127E4E0DA0072E19C /* SessionManager.swift */; };
		EA45D3B527E4E0DA0072E19C /* DataProviderProtocol.swift in Sources */ = {isa = PBXBuildFile; fileRef = EA45D3B227E4E0DA0072E19C /* DataProviderProtocol.swift */; };
		EA48885A281FD15800A2700A /* RequestBloodType.swift in Sources */ = {isa = PBXBuildFile; fileRef = EA488859281FD15800A2700A /* RequestBloodType.swift */; };
		EA48885C281FD51700A2700A /* DonateReason.swift in Sources */ = {isa = PBXBuildFile; fileRef = EA48885B281FD51700A2700A /* DonateReason.swift */; };
		EA4B13AC280F096900B52607 /* VolunteersViewController.swift in Sources */ = {isa = PBXBuildFile; fileRef = EA4B13AB280F096900B52607 /* VolunteersViewController.swift */; };
		EA4C711F27E3D626000C8B02 /* CustomPlaceHolder.swift in Sources */ = {isa = PBXBuildFile; fileRef = EA4C711E27E3D626000C8B02 /* CustomPlaceHolder.swift */; };
		EA4CA33727F9C782003873DC /* YourStoryViewController.swift in Sources */ = {isa = PBXBuildFile; fileRef = EA4CA33627F9C782003873DC /* YourStoryViewController.swift */; };
		EA4CA33A27F9D3F2003873DC /* YourStoryTableViewCell.swift in Sources */ = {isa = PBXBuildFile; fileRef = EA4CA33827F9D3F2003873DC /* YourStoryTableViewCell.swift */; };
		EA4CA33B27F9D3F2003873DC /* YourStoryTableViewCell.xib in Resources */ = {isa = PBXBuildFile; fileRef = EA4CA33927F9D3F2003873DC /* YourStoryTableViewCell.xib */; };
		EA4CA34027F9E604003873DC /* FloatingBtn.swift in Sources */ = {isa = PBXBuildFile; fileRef = EA4CA33F27F9E604003873DC /* FloatingBtn.swift */; };
		EA545C8F2808A7870009C6C7 /* VaccineCollectionViewController.swift in Sources */ = {isa = PBXBuildFile; fileRef = EA545C8E2808A7870009C6C7 /* VaccineCollectionViewController.swift */; };
		EA545C922808C3FC0009C6C7 /* VaccineCollectionViewCell.swift in Sources */ = {isa = PBXBuildFile; fileRef = EA545C912808C3FC0009C6C7 /* VaccineCollectionViewCell.swift */; };
		EA5972622821C36D0053DFD5 /* OrderVaccine.swift in Sources */ = {isa = PBXBuildFile; fileRef = EA5972612821C36D0053DFD5 /* OrderVaccine.swift */; };
		EA5A2BE82829397D00B3B272 /* Going_Donners.swift in Sources */ = {isa = PBXBuildFile; fileRef = EA5A2BE72829397D00B3B272 /* Going_Donners.swift */; };
		EA5A8C8227F269C500FCF61F /* UiimageView+UrlExtension.swift in Sources */ = {isa = PBXBuildFile; fileRef = EA5A8C8127F269C500FCF61F /* UiimageView+UrlExtension.swift */; };
		EA6211E227EF6DC000301635 /* ApiService.swift in Sources */ = {isa = PBXBuildFile; fileRef = EA6211E127EF6DC000301635 /* ApiService.swift */; };
		EA6211E427EF6FC300301635 /* CoronaAnalysis.swift in Sources */ = {isa = PBXBuildFile; fileRef = EA6211E327EF6FC200301635 /* CoronaAnalysis.swift */; };
		EA6211E627EF829600301635 /* formatInt+Int.swift in Sources */ = {isa = PBXBuildFile; fileRef = EA6211E527EF829600301635 /* formatInt+Int.swift */; };
		EA624303282C72B300C4B2CE /* Blood_info.swift in Sources */ = {isa = PBXBuildFile; fileRef = EA624302282C72B300C4B2CE /* Blood_info.swift */; };
		EA62CA0328288D5B007BD085 /* DetailPrivateCellViewController.swift in Sources */ = {isa = PBXBuildFile; fileRef = EA62CA0228288D5B007BD085 /* DetailPrivateCellViewController.swift */; };
		EA62CA0528289885007BD085 /* HistoryRequestDetailsViewController.swift in Sources */ = {isa = PBXBuildFile; fileRef = EA62CA0428289885007BD085 /* HistoryRequestDetailsViewController.swift */; };
		EA62CA082828AE89007BD085 /* FavoriteDetailsViewController.swift in Sources */ = {isa = PBXBuildFile; fileRef = EA62CA072828AE89007BD085 /* FavoriteDetailsViewController.swift */; };
		EA64542C27F8991900376A8B /* LaunchViewController.swift in Sources */ = {isa = PBXBuildFile; fileRef = EA64542B27F8991900376A8B /* LaunchViewController.swift */; };
		EA66461A27E2BAB1001A9E12 /* CustomTF.swift in Sources */ = {isa = PBXBuildFile; fileRef = EA66461927E2BAB1001A9E12 /* CustomTF.swift */; };
		EA66E54528157ED700443115 /* favoriteTableViewCell.swift in Sources */ = {isa = PBXBuildFile; fileRef = EA66E54328157ED700443115 /* favoriteTableViewCell.swift */; };
		EA66E54628157ED700443115 /* favoriteTableViewCell.xib in Resources */ = {isa = PBXBuildFile; fileRef = EA66E54428157ED700443115 /* favoriteTableViewCell.xib */; };
		EA66E549281587C800443115 /* Reachability.swift in Sources */ = {isa = PBXBuildFile; fileRef = EA66E548281587C800443115 /* Reachability.swift */; };
		EA6E702127C5C3CE00F1E76C /* Almarai-Regular.ttf in Resources */ = {isa = PBXBuildFile; fileRef = EA6E702027C5C3CE00F1E76C /* Almarai-Regular.ttf */; };
		EA6F6123281390BE002E5E5E /* FavoriteViewController.swift in Sources */ = {isa = PBXBuildFile; fileRef = EA6F6122281390BE002E5E5E /* FavoriteViewController.swift */; };
		EA6F6125281390CF002E5E5E /* BuyBloodViewController.swift in Sources */ = {isa = PBXBuildFile; fileRef = EA6F6124281390CF002E5E5E /* BuyBloodViewController.swift */; };
		EA7403B9281C7F2D0068D677 /* privateRequestCell.swift in Sources */ = {isa = PBXBuildFile; fileRef = EA7403B7281C7F2D0068D677 /* privateRequestCell.swift */; };
		EA7403BA281C7F2D0068D677 /* privateRequestCell.xib in Resources */ = {isa = PBXBuildFile; fileRef = EA7403B8281C7F2D0068D677 /* privateRequestCell.xib */; };
		EA75CF53281ADF870032FA14 /* QuickRequest.swift in Sources */ = {isa = PBXBuildFile; fileRef = EA75CF52281ADF870032FA14 /* QuickRequest.swift */; };
		EA75CF55281B72770032FA14 /* AvailableVaccines.swift in Sources */ = {isa = PBXBuildFile; fileRef = EA75CF54281B72770032FA14 /* AvailableVaccines.swift */; };
		EA78BC4428183EF20078DC96 /* Governorate.swift in Sources */ = {isa = PBXBuildFile; fileRef = EA78BC4328183EF20078DC96 /* Governorate.swift */; };
		EA78BC46281840EE0078DC96 /* (Gov+City).Data.swift in Sources */ = {isa = PBXBuildFile; fileRef = EA78BC45281840EE0078DC96 /* (Gov+City).Data.swift */; };
		EA78BC4828184A430078DC96 /* City.swift in Sources */ = {isa = PBXBuildFile; fileRef = EA78BC4728184A430078DC96 /* City.swift */; };
		EA818B0827E1140C00D36808 /* Sick.swift in Sources */ = {isa = PBXBuildFile; fileRef = EA818B0727E1140C00D36808 /* Sick.swift */; };
		EA8676D027A6C70A00E95283 /* HamburgerViewController.swift in Sources */ = {isa = PBXBuildFile; fileRef = EA8676CF27A6C70A00E95283 /* HamburgerViewController.swift */; };
		EA86A9FB27CA31FB006EA939 /* UserDefultsManager.swift in Sources */ = {isa = PBXBuildFile; fileRef = EA86A9FA27CA31FB006EA939 /* UserDefultsManager.swift */; };
		EA86A9FD27CAD4F4006EA939 /* HomeNCViewController.swift in Sources */ = {isa = PBXBuildFile; fileRef = EA86A9FC27CAD4F4006EA939 /* HomeNCViewController.swift */; };
		EA8C0F2D2831988D00723D37 /* LottieEmailSend.json in Resources */ = {isa = PBXBuildFile; fileRef = EA8C0F2C2831988D00723D37 /* LottieEmailSend.json */; };
		EA92A0A527E89D930060C5C8 /* Localizable.strings in Resources */ = {isa = PBXBuildFile; fileRef = EA92A0A727E89D930060C5C8 /* Localizable.strings */; };
		EA92A0AA27E89FFF0060C5C8 /* String+Localized.swift in Sources */ = {isa = PBXBuildFile; fileRef = EA92A0A927E89FFF0060C5C8 /* String+Localized.swift */; };
		EA92A0AD27E8A92E0060C5C8 /* InfoPlist.strings in Resources */ = {isa = PBXBuildFile; fileRef = EA92A0AF27E8A92E0060C5C8 /* InfoPlist.strings */; };
		EA92A0B227E917F30060C5C8 /* Color+UIcolor.swift in Sources */ = {isa = PBXBuildFile; fileRef = EA92A0B127E917F30060C5C8 /* Color+UIcolor.swift */; };
		EA93304A2818CBC90043EE18 /* FinalCities.swift in Sources */ = {isa = PBXBuildFile; fileRef = EA9330492818CBC90043EE18 /* FinalCities.swift */; };
		EA93304C2818E03B0043EE18 /* BloodType.swift in Sources */ = {isa = PBXBuildFile; fileRef = EA93304B2818E03B0043EE18 /* BloodType.swift */; };
		EA99AAFD276CCF540083F0D1 /* HomeViewController.swift in Sources */ = {isa = PBXBuildFile; fileRef = EA99AAFC276CCF540083F0D1 /* HomeViewController.swift */; };
		EA9D400127DCF3D300776F14 /* UiView+Controller.swift in Sources */ = {isa = PBXBuildFile; fileRef = EA9D400027DCF3D300776F14 /* UiView+Controller.swift */; };
		EA9F8B1927FBCA6800345E60 /* DonateMoneyViewController.swift in Sources */ = {isa = PBXBuildFile; fileRef = EA9F8B1827FBCA6700345E60 /* DonateMoneyViewController.swift */; };
		EAA3C9D427DFB546007C5B47 /* SecondRequestBloodViewController.swift in Sources */ = {isa = PBXBuildFile; fileRef = EAA3C9D327DFB546007C5B47 /* SecondRequestBloodViewController.swift */; };
		EAA6BDDE27EBBD2E00FE1BCA /* CountryStats.swift in Sources */ = {isa = PBXBuildFile; fileRef = EAA6BDDD27EBBD2E00FE1BCA /* CountryStats.swift */; };
		EAAD8337276D12C800381854 /* DataPicker.swift in Sources */ = {isa = PBXBuildFile; fileRef = EAAD8336276D12C700381854 /* DataPicker.swift */; };
		EAB1C98F27A54DEE006BB209 /* TabBarController.swift in Sources */ = {isa = PBXBuildFile; fileRef = EAB1C98E27A54DEE006BB209 /* TabBarController.swift */; };
		EAB1C99127A554A2006BB209 /* UiView + alert.swift in Sources */ = {isa = PBXBuildFile; fileRef = EAB1C99027A554A2006BB209 /* UiView + alert.swift */; };
		EABDBFCA276CE69F00738EA3 /* RegisterViewController.swift in Sources */ = {isa = PBXBuildFile; fileRef = EABDBFC9276CE69F00738EA3 /* RegisterViewController.swift */; };
		EABDBFCC276CE6A900738EA3 /* LoginViewController.swift in Sources */ = {isa = PBXBuildFile; fileRef = EABDBFCB276CE6A900738EA3 /* LoginViewController.swift */; };
		EABDBFCE276CE6B500738EA3 /* HelpViewController.swift in Sources */ = {isa = PBXBuildFile; fileRef = EABDBFCD276CE6B500738EA3 /* HelpViewController.swift */; };
		EAC252C7276A26F00033F96F /* AppDelegate.swift in Sources */ = {isa = PBXBuildFile; fileRef = EAC252C6276A26F00033F96F /* AppDelegate.swift */; };
		EAC252C9276A26F00033F96F /* SceneDelegate.swift in Sources */ = {isa = PBXBuildFile; fileRef = EAC252C8276A26F00033F96F /* SceneDelegate.swift */; };
		EAC252CE276A26F00033F96F /* Main.storyboard in Resources */ = {isa = PBXBuildFile; fileRef = EAC252CC276A26F00033F96F /* Main.storyboard */; };
		EAC252D0276A26F10033F96F /* Assets.xcassets in Resources */ = {isa = PBXBuildFile; fileRef = EAC252CF276A26F10033F96F /* Assets.xcassets */; };
		EAC252D3276A26F10033F96F /* LaunchScreen.storyboard in Resources */ = {isa = PBXBuildFile; fileRef = EAC252D1276A26F10033F96F /* LaunchScreen.storyboard */; };
		EAC252DF276A2F250033F96F /* OnboardingViewController.swift in Sources */ = {isa = PBXBuildFile; fileRef = EAC252DE276A2F250033F96F /* OnboardingViewController.swift */; };
		EAC252E5276A335B0033F96F /* UiView+Extension.swift in Sources */ = {isa = PBXBuildFile; fileRef = EAC252E4276A335B0033F96F /* UiView+Extension.swift */; };
		EAC252E7276A34BF0033F96F /* OnboardingSlide.swift in Sources */ = {isa = PBXBuildFile; fileRef = EAC252E6276A34BF0033F96F /* OnboardingSlide.swift */; };
		EAC252E9276A37BC0033F96F /* OnboardingCollectionViewCell.swift in Sources */ = {isa = PBXBuildFile; fileRef = EAC252E8276A37BC0033F96F /* OnboardingCollectionViewCell.swift */; };
		EAC252EC276A3A4C0033F96F /* Constants.swift in Sources */ = {isa = PBXBuildFile; fileRef = EAC252EB276A3A4C0033F96F /* Constants.swift */; };
		EAC267BF2825F42300BFEAA9 /* SavedBloodRequest.swift in Sources */ = {isa = PBXBuildFile; fileRef = EAC267BE2825F42300BFEAA9 /* SavedBloodRequest.swift */; };
		EAC3745A282417C4001F28C8 /* PurchaseOrder.swift in Sources */ = {isa = PBXBuildFile; fileRef = EAC37459282417C4001F28C8 /* PurchaseOrder.swift */; };
		EAC3747E282456F3001F28C8 /* Sha1Encryption.swift in Sources */ = {isa = PBXBuildFile; fileRef = EAC3747D282456F3001F28C8 /* Sha1Encryption.swift */; };
		EAC6436228099A1A00109D8D /* VaccineDetailsViewController.swift in Sources */ = {isa = PBXBuildFile; fileRef = EAC6436128099A1A00109D8D /* VaccineDetailsViewController.swift */; };
		EACC012C27A41E4F00FFB92B /* LoadingViewController.swift in Sources */ = {isa = PBXBuildFile; fileRef = EACC012B27A41E4F00FFB92B /* LoadingViewController.swift */; };
		EACC012F27A4275700FFB92B /* NavigationManager.swift in Sources */ = {isa = PBXBuildFile; fileRef = EACC012E27A4275700FFB92B /* NavigationManager.swift */; };
		EACC013127A42C4D00FFB92B /* StorageManager.swift in Sources */ = {isa = PBXBuildFile; fileRef = EACC013027A42C4D00FFB92B /* StorageManager.swift */; };
		EACC013C27A43A5A00FFB92B /* UserGradientBackground.swift in Sources */ = {isa = PBXBuildFile; fileRef = EACC013927A43A5A00FFB92B /* UserGradientBackground.swift */; };
		EACC013D27A43A5A00FFB92B /* UserCustomBtn.swift in Sources */ = {isa = PBXBuildFile; fileRef = EACC013A27A43A5A00FFB92B /* UserCustomBtn.swift */; };
		EACC013E27A43A5A00FFB92B /* UserCustomTF.swift in Sources */ = {isa = PBXBuildFile; fileRef = EACC013B27A43A5A00FFB92B /* UserCustomTF.swift */; };
		EAD3834C27D7BF3B00E87893 /* PickDateTimeViewController.swift in Sources */ = {isa = PBXBuildFile; fileRef = EAD3834B27D7BF3B00E87893 /* PickDateTimeViewController.swift */; };
		EAD3835027D806C300E87893 /* SheetViewController.swift in Sources */ = {isa = PBXBuildFile; fileRef = EAD3834F27D806C300E87893 /* SheetViewController.swift */; };
		EAD4B43C27F75CBC00C6924C /* AppBloodRequestViewController.swift in Sources */ = {isa = PBXBuildFile; fileRef = EAD4B43B27F75CBC00C6924C /* AppBloodRequestViewController.swift */; };
		EAD4B43E27F7B7C400C6924C /* UiButtonTitleLbl+Font.swift in Sources */ = {isa = PBXBuildFile; fileRef = EAD4B43D27F7B7C400C6924C /* UiButtonTitleLbl+Font.swift */; };
		EAD4B44027F7CB7C00C6924C /* ValidationManager.swift in Sources */ = {isa = PBXBuildFile; fileRef = EAD4B43F27F7CB7C00C6924C /* ValidationManager.swift */; };
		EAD669EF27C6393C006221A2 /* Almarai-Bold.ttf in Resources */ = {isa = PBXBuildFile; fileRef = EAD669EE27C6393C006221A2 /* Almarai-Bold.ttf */; };
		EAD669F127C63A72006221A2 /* HistoryMainViewController.swift in Sources */ = {isa = PBXBuildFile; fileRef = EAD669F027C63A72006221A2 /* HistoryMainViewController.swift */; };
		EAD669F327C63F50006221A2 /* DonorViewController.swift in Sources */ = {isa = PBXBuildFile; fileRef = EAD669F227C63F50006221A2 /* DonorViewController.swift */; };
		EAD7D59227F5B62C003E81D3 /* UILable+Font.swift in Sources */ = {isa = PBXBuildFile; fileRef = EAD7D59127F5B62C003E81D3 /* UILable+Font.swift */; };
		EADC3E3A282AB438009E1DCC /* AcceptHistoryVaccineCell.swift in Sources */ = {isa = PBXBuildFile; fileRef = EADC3E38282AB438009E1DCC /* AcceptHistoryVaccineCell.swift */; };
		EADC3E3B282AB438009E1DCC /* AcceptHistoryVaccineCell.xib in Resources */ = {isa = PBXBuildFile; fileRef = EADC3E39282AB438009E1DCC /* AcceptHistoryVaccineCell.xib */; };
		EAE16B632831554000D0772D /* AcceptOrderBloodCell.swift in Sources */ = {isa = PBXBuildFile; fileRef = EAE16B612831554000D0772D /* AcceptOrderBloodCell.swift */; };
		EAE16B642831554000D0772D /* AcceptOrderBloodCell.xib in Resources */ = {isa = PBXBuildFile; fileRef = EAE16B622831554000D0772D /* AcceptOrderBloodCell.xib */; };
		EAE3C90B27B12C6300F42D16 /* MapViewController.swift in Sources */ = {isa = PBXBuildFile; fileRef = EAE3C90A27B12C6300F42D16 /* MapViewController.swift */; };
		EAE3D4982819C363003B514A /* UserStories.swift in Sources */ = {isa = PBXBuildFile; fileRef = EAE3D4972819C363003B514A /* UserStories.swift */; };
		EAE3D49A2819FEEE003B514A /* Vaccine.swift in Sources */ = {isa = PBXBuildFile; fileRef = EAE3D4992819FEEE003B514A /* Vaccine.swift */; };
		EAE546862814C16600DA5A8E /* DonatePlaces.swift in Sources */ = {isa = PBXBuildFile; fileRef = EAE546852814C16600DA5A8E /* DonatePlaces.swift */; };
/* End PBXBuildFile section */

/* Begin PBXFileReference section */
		36C4F17C7D79E124463C5D81 /* Pods-BloodBank.debug.xcconfig */ = {isa = PBXFileReference; includeInIndex = 1; lastKnownFileType = text.xcconfig; name = "Pods-BloodBank.debug.xcconfig"; path = "Target Support Files/Pods-BloodBank/Pods-BloodBank.debug.xcconfig"; sourceTree = "<group>"; };
		D4BCE38A5AD392A36F890799 /* Pods-BloodBank.release.xcconfig */ = {isa = PBXFileReference; includeInIndex = 1; lastKnownFileType = text.xcconfig; name = "Pods-BloodBank.release.xcconfig"; path = "Target Support Files/Pods-BloodBank/Pods-BloodBank.release.xcconfig"; sourceTree = "<group>"; };
		DB8F4C3B3A310575AD50AC30 /* Pods_BloodBank.framework */ = {isa = PBXFileReference; explicitFileType = wrapper.framework; includeInIndex = 0; path = Pods_BloodBank.framework; sourceTree = BUILT_PRODUCTS_DIR; };
		EA01A0A627C96F4E00BDCC00 /* NotFitAppointmentViewController.swift */ = {isa = PBXFileReference; lastKnownFileType = sourcecode.swift; path = NotFitAppointmentViewController.swift; sourceTree = "<group>"; };
		EA01A0A827C96F6B00BDCC00 /* FitnessAppointmentViewController.swift */ = {isa = PBXFileReference; lastKnownFileType = sourcecode.swift; path = FitnessAppointmentViewController.swift; sourceTree = "<group>"; };
		EA01A0AA27C9774100BDCC00 /* Poppins-Regular.ttf */ = {isa = PBXFileReference; lastKnownFileType = file; name = "Poppins-Regular.ttf"; path = "../../../../../Downloads/Poppins/Poppins-Regular.ttf"; sourceTree = "<group>"; };
		EA01A0AE27C9777100BDCC00 /* Poppins-Bold.ttf */ = {isa = PBXFileReference; lastKnownFileType = file; path = "Poppins-Bold.ttf"; sourceTree = "<group>"; };
		EA01A0B027C9838700BDCC00 /* BookingAppointmentViewController.swift */ = {isa = PBXFileReference; lastKnownFileType = sourcecode.swift; path = BookingAppointmentViewController.swift; sourceTree = "<group>"; };
		EA01A0B227C984A600BDCC00 /* InformationCenterViewController.swift */ = {isa = PBXFileReference; lastKnownFileType = sourcecode.swift; path = InformationCenterViewController.swift; sourceTree = "<group>"; };
		EA064CAD27A4750600A06257 /* MainViewController.swift */ = {isa = PBXFileReference; lastKnownFileType = sourcecode.swift; path = MainViewController.swift; sourceTree = "<group>"; };
		EA0A078C282D93F2000C3EDF /* Available_Blood.swift */ = {isa = PBXFileReference; lastKnownFileType = sourcecode.swift; path = Available_Blood.swift; sourceTree = "<group>"; };
		EA0A078E282DAD5B000C3EDF /* Data.swift */ = {isa = PBXFileReference; lastKnownFileType = sourcecode.swift; path = Data.swift; sourceTree = "<group>"; };
		EA1153BB2816E6DE0053C50B /* User.swift */ = {isa = PBXFileReference; lastKnownFileType = sourcecode.swift; path = User.swift; sourceTree = "<group>"; };
		EA17CD7B27FCFE4F00F356EE /* Almarai-ExtraBold.ttf */ = {isa = PBXFileReference; lastKnownFileType = file; path = "Almarai-ExtraBold.ttf"; sourceTree = "<group>"; };
		EA1831C527DA6C1000D9BA90 /* RequestsTableViewCell.swift */ = {isa = PBXFileReference; lastKnownFileType = sourcecode.swift; path = RequestsTableViewCell.swift; sourceTree = "<group>"; };
		EA1831C627DA6C1000D9BA90 /* RequestsTableViewCell.xib */ = {isa = PBXFileReference; lastKnownFileType = file.xib; path = RequestsTableViewCell.xib; sourceTree = "<group>"; };
		EA1915F627DBFA3100554FF9 /* Patient.swift */ = {isa = PBXFileReference; lastKnownFileType = sourcecode.swift; path = Patient.swift; sourceTree = "<group>"; };
		EA1915F827DC27B100554FF9 /* DetailsCellViewController.swift */ = {isa = PBXFileReference; lastKnownFileType = sourcecode.swift; path = DetailsCellViewController.swift; sourceTree = "<group>"; };
		EA1F21C0280C601D00DE49F9 /* HistoryVaccineCell.swift */ = {isa = PBXFileReference; lastKnownFileType = sourcecode.swift; path = HistoryVaccineCell.swift; sourceTree = "<group>"; };
		EA1F21C1280C601D00DE49F9 /* HistoryVaccineCell.xib */ = {isa = PBXFileReference; lastKnownFileType = file.xib; path = HistoryVaccineCell.xib; sourceTree = "<group>"; };
		EA1F21C4280C73C200DE49F9 /* BloodOrderCell.swift */ = {isa = PBXFileReference; lastKnownFileType = sourcecode.swift; path = BloodOrderCell.swift; sourceTree = "<group>"; };
		EA1F21C5280C73C200DE49F9 /* BloodOrderCell.xib */ = {isa = PBXFileReference; lastKnownFileType = file.xib; path = BloodOrderCell.xib; sourceTree = "<group>"; };
		EA1F21CA280C927C00DE49F9 /* LastDonateHistoryCell.swift */ = {isa = PBXFileReference; lastKnownFileType = sourcecode.swift; path = LastDonateHistoryCell.swift; sourceTree = "<group>"; };
		EA1F21CB280C927C00DE49F9 /* LastDonateHistoryCell.xib */ = {isa = PBXFileReference; lastKnownFileType = file.xib; path = LastDonateHistoryCell.xib; sourceTree = "<group>"; };
		EA215BFB27E7EB98005A9843 /* EducateCollectionViewCell.swift */ = {isa = PBXFileReference; lastKnownFileType = sourcecode.swift; path = EducateCollectionViewCell.swift; sourceTree = "<group>"; };
		EA215BFD27E7FA36005A9843 /* String+URL.swift */ = {isa = PBXFileReference; lastKnownFileType = sourcecode.swift; path = "String+URL.swift"; sourceTree = "<group>"; };
		EA215BFF27E80057005A9843 /* EducateDetailsViewController.swift */ = {isa = PBXFileReference; lastKnownFileType = sourcecode.swift; path = EducateDetailsViewController.swift; sourceTree = "<group>"; };
		EA2A523727EA429300D92ED3 /* CoronaStatsViewController.swift */ = {isa = PBXFileReference; lastKnownFileType = sourcecode.swift; path = CoronaStatsViewController.swift; sourceTree = "<group>"; };
		EA2AF7EB28102C0400ECCB55 /* VolunteersTableViewCell.swift */ = {isa = PBXFileReference; lastKnownFileType = sourcecode.swift; path = VolunteersTableViewCell.swift; sourceTree = "<group>"; };
		EA2AF7EC28102C0400ECCB55 /* VolunteersTableViewCell.xib */ = {isa = PBXFileReference; lastKnownFileType = file.xib; path = VolunteersTableViewCell.xib; sourceTree = "<group>"; };
		EA32DC6C282215C800856119 /* LastDonate.swift */ = {isa = PBXFileReference; lastKnownFileType = sourcecode.swift; path = LastDonate.swift; sourceTree = "<group>"; };
		EA34861827FB4F71004A6667 /* VaccineRequestViewController.swift */ = {isa = PBXFileReference; lastKnownFileType = sourcecode.swift; path = VaccineRequestViewController.swift; sourceTree = "<group>"; };
		EA4278A127B01F9C002D444A /* AppointmentViewController.swift */ = {isa = PBXFileReference; lastKnownFileType = sourcecode.swift; path = AppointmentViewController.swift; sourceTree = "<group>"; };
		EA4278A327B025A7002D444A /* RequestViewController.swift */ = {isa = PBXFileReference; lastKnownFileType = sourcecode.swift; path = RequestViewController.swift; sourceTree = "<group>"; };
		EA4278A727B025D4002D444A /* HelpAndSupportViewController.swift */ = {isa = PBXFileReference; lastKnownFileType = sourcecode.swift; path = HelpAndSupportViewController.swift; sourceTree = "<group>"; };
		EA4278AB27B025FB002D444A /* SettingViewController.swift */ = {isa = PBXFileReference; lastKnownFileType = sourcecode.swift; path = SettingViewController.swift; sourceTree = "<group>"; };
		EA4402F027EA80200034C6AF /* CustomView.swift */ = {isa = PBXFileReference; lastKnownFileType = sourcecode.swift; path = CustomView.swift; sourceTree = "<group>"; };
		EA45BFA527C5996B00D56AEC /* DonateBloodViewController.swift */ = {isa = PBXFileReference; lastKnownFileType = sourcecode.swift; path = DonateBloodViewController.swift; sourceTree = "<group>"; };
		EA45BFA727C5997E00D56AEC /* RequestBloodViewController.swift */ = {isa = PBXFileReference; lastKnownFileType = sourcecode.swift; path = RequestBloodViewController.swift; sourceTree = "<group>"; };
		EA45BFA927C5999200D56AEC /* EducateYourselfViewController.swift */ = {isa = PBXFileReference; lastKnownFileType = sourcecode.swift; path = EducateYourselfViewController.swift; sourceTree = "<group>"; };
		EA45BFAD27C5AC4800D56AEC /* NavigationBar.swift */ = {isa = PBXFileReference; lastKnownFileType = sourcecode.swift; path = NavigationBar.swift; sourceTree = "<group>"; };
		EA45D3B027E4E0DA0072E19C /* RequestProtocol.swift */ = {isa = PBXFileReference; fileEncoding = 4; lastKnownFileType = sourcecode.swift; path = RequestProtocol.swift; sourceTree = "<group>"; };
		EA45D3B127E4E0DA0072E19C /* SessionManager.swift */ = {isa = PBXFileReference; fileEncoding = 4; lastKnownFileType = sourcecode.swift; path = SessionManager.swift; sourceTree = "<group>"; };
		EA45D3B227E4E0DA0072E19C /* DataProviderProtocol.swift */ = {isa = PBXFileReference; fileEncoding = 4; lastKnownFileType = sourcecode.swift; path = DataProviderProtocol.swift; sourceTree = "<group>"; };
		EA488859281FD15800A2700A /* RequestBloodType.swift */ = {isa = PBXFileReference; lastKnownFileType = sourcecode.swift; path = RequestBloodType.swift; sourceTree = "<group>"; };
		EA48885B281FD51700A2700A /* DonateReason.swift */ = {isa = PBXFileReference; lastKnownFileType = sourcecode.swift; path = DonateReason.swift; sourceTree = "<group>"; };
		EA4B13AB280F096900B52607 /* VolunteersViewController.swift */ = {isa = PBXFileReference; lastKnownFileType = sourcecode.swift; path = VolunteersViewController.swift; sourceTree = "<group>"; };
		EA4C711E27E3D626000C8B02 /* CustomPlaceHolder.swift */ = {isa = PBXFileReference; lastKnownFileType = sourcecode.swift; path = CustomPlaceHolder.swift; sourceTree = "<group>"; };
		EA4CA33627F9C782003873DC /* YourStoryViewController.swift */ = {isa = PBXFileReference; lastKnownFileType = sourcecode.swift; path = YourStoryViewController.swift; sourceTree = "<group>"; };
		EA4CA33827F9D3F2003873DC /* YourStoryTableViewCell.swift */ = {isa = PBXFileReference; lastKnownFileType = sourcecode.swift; path = YourStoryTableViewCell.swift; sourceTree = "<group>"; };
		EA4CA33927F9D3F2003873DC /* YourStoryTableViewCell.xib */ = {isa = PBXFileReference; lastKnownFileType = file.xib; path = YourStoryTableViewCell.xib; sourceTree = "<group>"; };
		EA4CA33F27F9E604003873DC /* FloatingBtn.swift */ = {isa = PBXFileReference; lastKnownFileType = sourcecode.swift; path = FloatingBtn.swift; sourceTree = "<group>"; };
		EA545C8E2808A7870009C6C7 /* VaccineCollectionViewController.swift */ = {isa = PBXFileReference; lastKnownFileType = sourcecode.swift; path = VaccineCollectionViewController.swift; sourceTree = "<group>"; };
		EA545C912808C3FC0009C6C7 /* VaccineCollectionViewCell.swift */ = {isa = PBXFileReference; lastKnownFileType = sourcecode.swift; path = VaccineCollectionViewCell.swift; sourceTree = "<group>"; };
		EA5972612821C36D0053DFD5 /* OrderVaccine.swift */ = {isa = PBXFileReference; fileEncoding = 4; lastKnownFileType = sourcecode.swift; path = OrderVaccine.swift; sourceTree = "<group>"; };
		EA5A2BE72829397D00B3B272 /* Going_Donners.swift */ = {isa = PBXFileReference; lastKnownFileType = sourcecode.swift; path = Going_Donners.swift; sourceTree = "<group>"; };
		EA5A8C8127F269C500FCF61F /* UiimageView+UrlExtension.swift */ = {isa = PBXFileReference; lastKnownFileType = sourcecode.swift; path = "UiimageView+UrlExtension.swift"; sourceTree = "<group>"; };
		EA6211E127EF6DC000301635 /* ApiService.swift */ = {isa = PBXFileReference; lastKnownFileType = sourcecode.swift; path = ApiService.swift; sourceTree = "<group>"; };
		EA6211E327EF6FC200301635 /* CoronaAnalysis.swift */ = {isa = PBXFileReference; lastKnownFileType = sourcecode.swift; path = CoronaAnalysis.swift; sourceTree = "<group>"; };
		EA6211E527EF829600301635 /* formatInt+Int.swift */ = {isa = PBXFileReference; lastKnownFileType = sourcecode.swift; path = "formatInt+Int.swift"; sourceTree = "<group>"; };
		EA624302282C72B300C4B2CE /* Blood_info.swift */ = {isa = PBXFileReference; lastKnownFileType = sourcecode.swift; path = Blood_info.swift; sourceTree = "<group>"; };
		EA62CA0228288D5B007BD085 /* DetailPrivateCellViewController.swift */ = {isa = PBXFileReference; lastKnownFileType = sourcecode.swift; path = DetailPrivateCellViewController.swift; sourceTree = "<group>"; };
		EA62CA0428289885007BD085 /* HistoryRequestDetailsViewController.swift */ = {isa = PBXFileReference; lastKnownFileType = sourcecode.swift; path = HistoryRequestDetailsViewController.swift; sourceTree = "<group>"; };
		EA62CA072828AE89007BD085 /* FavoriteDetailsViewController.swift */ = {isa = PBXFileReference; lastKnownFileType = sourcecode.swift; path = FavoriteDetailsViewController.swift; sourceTree = "<group>"; };
		EA64542B27F8991900376A8B /* LaunchViewController.swift */ = {isa = PBXFileReference; lastKnownFileType = sourcecode.swift; path = LaunchViewController.swift; sourceTree = "<group>"; };
		EA66461927E2BAB1001A9E12 /* CustomTF.swift */ = {isa = PBXFileReference; fileEncoding = 4; lastKnownFileType = sourcecode.swift; path = CustomTF.swift; sourceTree = "<group>"; };
		EA66E54328157ED700443115 /* favoriteTableViewCell.swift */ = {isa = PBXFileReference; lastKnownFileType = sourcecode.swift; path = favoriteTableViewCell.swift; sourceTree = "<group>"; };
		EA66E54428157ED700443115 /* favoriteTableViewCell.xib */ = {isa = PBXFileReference; lastKnownFileType = file.xib; path = favoriteTableViewCell.xib; sourceTree = "<group>"; };
		EA66E548281587C800443115 /* Reachability.swift */ = {isa = PBXFileReference; fileEncoding = 4; lastKnownFileType = sourcecode.swift; path = Reachability.swift; sourceTree = "<group>"; };
		EA6E702027C5C3CE00F1E76C /* Almarai-Regular.ttf */ = {isa = PBXFileReference; lastKnownFileType = file; path = "Almarai-Regular.ttf"; sourceTree = "<group>"; };
		EA6F6122281390BE002E5E5E /* FavoriteViewController.swift */ = {isa = PBXFileReference; lastKnownFileType = sourcecode.swift; path = FavoriteViewController.swift; sourceTree = "<group>"; };
		EA6F6124281390CF002E5E5E /* BuyBloodViewController.swift */ = {isa = PBXFileReference; lastKnownFileType = sourcecode.swift; path = BuyBloodViewController.swift; sourceTree = "<group>"; };
		EA7403B7281C7F2D0068D677 /* privateRequestCell.swift */ = {isa = PBXFileReference; lastKnownFileType = sourcecode.swift; path = privateRequestCell.swift; sourceTree = "<group>"; };
		EA7403B8281C7F2D0068D677 /* privateRequestCell.xib */ = {isa = PBXFileReference; lastKnownFileType = file.xib; path = privateRequestCell.xib; sourceTree = "<group>"; };
		EA75CF52281ADF870032FA14 /* QuickRequest.swift */ = {isa = PBXFileReference; lastKnownFileType = sourcecode.swift; path = QuickRequest.swift; sourceTree = "<group>"; };
		EA75CF54281B72770032FA14 /* AvailableVaccines.swift */ = {isa = PBXFileReference; lastKnownFileType = sourcecode.swift; path = AvailableVaccines.swift; sourceTree = "<group>"; };
		EA78BC4328183EF20078DC96 /* Governorate.swift */ = {isa = PBXFileReference; lastKnownFileType = sourcecode.swift; path = Governorate.swift; sourceTree = "<group>"; };
		EA78BC45281840EE0078DC96 /* (Gov+City).Data.swift */ = {isa = PBXFileReference; lastKnownFileType = sourcecode.swift; path = "(Gov+City).Data.swift"; sourceTree = "<group>"; };
		EA78BC4728184A430078DC96 /* City.swift */ = {isa = PBXFileReference; lastKnownFileType = sourcecode.swift; path = City.swift; sourceTree = "<group>"; };
		EA818B0727E1140C00D36808 /* Sick.swift */ = {isa = PBXFileReference; lastKnownFileType = sourcecode.swift; path = Sick.swift; sourceTree = "<group>"; };
		EA8676CF27A6C70A00E95283 /* HamburgerViewController.swift */ = {isa = PBXFileReference; lastKnownFileType = sourcecode.swift; path = HamburgerViewController.swift; sourceTree = "<group>"; };
		EA86A9FA27CA31FB006EA939 /* UserDefultsManager.swift */ = {isa = PBXFileReference; lastKnownFileType = sourcecode.swift; path = UserDefultsManager.swift; sourceTree = "<group>"; };
		EA86A9FC27CAD4F4006EA939 /* HomeNCViewController.swift */ = {isa = PBXFileReference; lastKnownFileType = sourcecode.swift; path = HomeNCViewController.swift; sourceTree = "<group>"; };
		EA8C0F2C2831988D00723D37 /* LottieEmailSend.json */ = {isa = PBXFileReference; fileEncoding = 4; lastKnownFileType = text.json; path = LottieEmailSend.json; sourceTree = "<group>"; };
		EA92A0A427E89D860060C5C8 /* ar */ = {isa = PBXFileReference; lastKnownFileType = text.plist.strings; name = ar; path = ar.lproj/Main.strings; sourceTree = "<group>"; };
		EA92A0A627E89D930060C5C8 /* en */ = {isa = PBXFileReference; lastKnownFileType = text.plist.strings; name = en; path = en.lproj/Localizable.strings; sourceTree = "<group>"; };
		EA92A0A827E89D980060C5C8 /* ar */ = {isa = PBXFileReference; lastKnownFileType = text.plist.strings; name = ar; path = ar.lproj/Localizable.strings; sourceTree = "<group>"; };
		EA92A0A927E89FFF0060C5C8 /* String+Localized.swift */ = {isa = PBXFileReference; lastKnownFileType = sourcecode.swift; path = "String+Localized.swift"; sourceTree = "<group>"; };
		EA92A0AE27E8A92E0060C5C8 /* en */ = {isa = PBXFileReference; lastKnownFileType = text.plist.strings; name = en; path = en.lproj/InfoPlist.strings; sourceTree = "<group>"; };
		EA92A0B027E8A9310060C5C8 /* ar */ = {isa = PBXFileReference; lastKnownFileType = text.plist.strings; name = ar; path = ar.lproj/InfoPlist.strings; sourceTree = "<group>"; };
		EA92A0B127E917F30060C5C8 /* Color+UIcolor.swift */ = {isa = PBXFileReference; lastKnownFileType = sourcecode.swift; path = "Color+UIcolor.swift"; sourceTree = "<group>"; };
		EA9330492818CBC90043EE18 /* FinalCities.swift */ = {isa = PBXFileReference; lastKnownFileType = sourcecode.swift; path = FinalCities.swift; sourceTree = "<group>"; };
		EA93304B2818E03B0043EE18 /* BloodType.swift */ = {isa = PBXFileReference; lastKnownFileType = sourcecode.swift; path = BloodType.swift; sourceTree = "<group>"; };
		EA99AAFC276CCF540083F0D1 /* HomeViewController.swift */ = {isa = PBXFileReference; lastKnownFileType = sourcecode.swift; path = HomeViewController.swift; sourceTree = "<group>"; };
		EA9D400027DCF3D300776F14 /* UiView+Controller.swift */ = {isa = PBXFileReference; lastKnownFileType = sourcecode.swift; path = "UiView+Controller.swift"; sourceTree = "<group>"; };
		EA9F8B1827FBCA6700345E60 /* DonateMoneyViewController.swift */ = {isa = PBXFileReference; lastKnownFileType = sourcecode.swift; path = DonateMoneyViewController.swift; sourceTree = "<group>"; };
		EAA3C9D327DFB546007C5B47 /* SecondRequestBloodViewController.swift */ = {isa = PBXFileReference; lastKnownFileType = sourcecode.swift; path = SecondRequestBloodViewController.swift; sourceTree = "<group>"; };
		EAA6BDDD27EBBD2E00FE1BCA /* CountryStats.swift */ = {isa = PBXFileReference; lastKnownFileType = sourcecode.swift; path = CountryStats.swift; sourceTree = "<group>"; };
		EAAD8336276D12C700381854 /* DataPicker.swift */ = {isa = PBXFileReference; lastKnownFileType = sourcecode.swift; path = DataPicker.swift; sourceTree = "<group>"; };
		EAB1C98E27A54DEE006BB209 /* TabBarController.swift */ = {isa = PBXFileReference; lastKnownFileType = sourcecode.swift; path = TabBarController.swift; sourceTree = "<group>"; };
		EAB1C99027A554A2006BB209 /* UiView + alert.swift */ = {isa = PBXFileReference; lastKnownFileType = sourcecode.swift; path = "UiView + alert.swift"; sourceTree = "<group>"; };
		EABDBFC9276CE69F00738EA3 /* RegisterViewController.swift */ = {isa = PBXFileReference; lastKnownFileType = sourcecode.swift; path = RegisterViewController.swift; sourceTree = "<group>"; };
		EABDBFCB276CE6A900738EA3 /* LoginViewController.swift */ = {isa = PBXFileReference; lastKnownFileType = sourcecode.swift; path = LoginViewController.swift; sourceTree = "<group>"; };
		EABDBFCD276CE6B500738EA3 /* HelpViewController.swift */ = {isa = PBXFileReference; lastKnownFileType = sourcecode.swift; path = HelpViewController.swift; sourceTree = "<group>"; };
		EAC252C3276A26F00033F96F /* BloodBank.app */ = {isa = PBXFileReference; explicitFileType = wrapper.application; includeInIndex = 0; path = BloodBank.app; sourceTree = BUILT_PRODUCTS_DIR; };
		EAC252C6276A26F00033F96F /* AppDelegate.swift */ = {isa = PBXFileReference; lastKnownFileType = sourcecode.swift; path = AppDelegate.swift; sourceTree = "<group>"; };
		EAC252C8276A26F00033F96F /* SceneDelegate.swift */ = {isa = PBXFileReference; lastKnownFileType = sourcecode.swift; path = SceneDelegate.swift; sourceTree = "<group>"; };
		EAC252CD276A26F00033F96F /* Base */ = {isa = PBXFileReference; lastKnownFileType = file.storyboard; name = Base; path = Base.lproj/Main.storyboard; sourceTree = "<group>"; };
		EAC252CF276A26F10033F96F /* Assets.xcassets */ = {isa = PBXFileReference; lastKnownFileType = folder.assetcatalog; path = Assets.xcassets; sourceTree = "<group>"; };
		EAC252D2276A26F10033F96F /* Base */ = {isa = PBXFileReference; lastKnownFileType = file.storyboard; name = Base; path = Base.lproj/LaunchScreen.storyboard; sourceTree = "<group>"; };
		EAC252D4276A26F10033F96F /* Info.plist */ = {isa = PBXFileReference; lastKnownFileType = text.plist.xml; path = Info.plist; sourceTree = "<group>"; };
		EAC252DE276A2F250033F96F /* OnboardingViewController.swift */ = {isa = PBXFileReference; lastKnownFileType = sourcecode.swift; path = OnboardingViewController.swift; sourceTree = "<group>"; };
		EAC252E4276A335B0033F96F /* UiView+Extension.swift */ = {isa = PBXFileReference; lastKnownFileType = sourcecode.swift; path = "UiView+Extension.swift"; sourceTree = "<group>"; };
		EAC252E6276A34BF0033F96F /* OnboardingSlide.swift */ = {isa = PBXFileReference; lastKnownFileType = sourcecode.swift; path = OnboardingSlide.swift; sourceTree = "<group>"; };
		EAC252E8276A37BC0033F96F /* OnboardingCollectionViewCell.swift */ = {isa = PBXFileReference; lastKnownFileType = sourcecode.swift; path = OnboardingCollectionViewCell.swift; sourceTree = "<group>"; };
		EAC252EB276A3A4C0033F96F /* Constants.swift */ = {isa = PBXFileReference; lastKnownFileType = sourcecode.swift; path = Constants.swift; sourceTree = "<group>"; };
		EAC267BE2825F42300BFEAA9 /* SavedBloodRequest.swift */ = {isa = PBXFileReference; lastKnownFileType = sourcecode.swift; path = SavedBloodRequest.swift; sourceTree = "<group>"; };
		EAC37459282417C4001F28C8 /* PurchaseOrder.swift */ = {isa = PBXFileReference; lastKnownFileType = sourcecode.swift; path = PurchaseOrder.swift; sourceTree = "<group>"; };
		EAC3747D282456F3001F28C8 /* Sha1Encryption.swift */ = {isa = PBXFileReference; fileEncoding = 4; lastKnownFileType = sourcecode.swift; path = Sha1Encryption.swift; sourceTree = "<group>"; };
		EAC6436128099A1A00109D8D /* VaccineDetailsViewController.swift */ = {isa = PBXFileReference; lastKnownFileType = sourcecode.swift; path = VaccineDetailsViewController.swift; sourceTree = "<group>"; };
		EACC012B27A41E4F00FFB92B /* LoadingViewController.swift */ = {isa = PBXFileReference; lastKnownFileType = sourcecode.swift; path = LoadingViewController.swift; sourceTree = "<group>"; };
		EACC012E27A4275700FFB92B /* NavigationManager.swift */ = {isa = PBXFileReference; lastKnownFileType = sourcecode.swift; path = NavigationManager.swift; sourceTree = "<group>"; };
		EACC013027A42C4D00FFB92B /* StorageManager.swift */ = {isa = PBXFileReference; lastKnownFileType = sourcecode.swift; path = StorageManager.swift; sourceTree = "<group>"; };
		EACC013927A43A5A00FFB92B /* UserGradientBackground.swift */ = {isa = PBXFileReference; fileEncoding = 4; lastKnownFileType = sourcecode.swift; path = UserGradientBackground.swift; sourceTree = "<group>"; };
		EACC013A27A43A5A00FFB92B /* UserCustomBtn.swift */ = {isa = PBXFileReference; fileEncoding = 4; lastKnownFileType = sourcecode.swift; path = UserCustomBtn.swift; sourceTree = "<group>"; };
		EACC013B27A43A5A00FFB92B /* UserCustomTF.swift */ = {isa = PBXFileReference; fileEncoding = 4; lastKnownFileType = sourcecode.swift; path = UserCustomTF.swift; sourceTree = "<group>"; };
		EAD3834B27D7BF3B00E87893 /* PickDateTimeViewController.swift */ = {isa = PBXFileReference; lastKnownFileType = sourcecode.swift; path = PickDateTimeViewController.swift; sourceTree = "<group>"; };
		EAD3834F27D806C300E87893 /* SheetViewController.swift */ = {isa = PBXFileReference; lastKnownFileType = sourcecode.swift; path = SheetViewController.swift; sourceTree = "<group>"; };
		EAD4B43B27F75CBC00C6924C /* AppBloodRequestViewController.swift */ = {isa = PBXFileReference; lastKnownFileType = sourcecode.swift; path = AppBloodRequestViewController.swift; sourceTree = "<group>"; };
		EAD4B43D27F7B7C400C6924C /* UiButtonTitleLbl+Font.swift */ = {isa = PBXFileReference; lastKnownFileType = sourcecode.swift; path = "UiButtonTitleLbl+Font.swift"; sourceTree = "<group>"; };
		EAD4B43F27F7CB7C00C6924C /* ValidationManager.swift */ = {isa = PBXFileReference; lastKnownFileType = sourcecode.swift; path = ValidationManager.swift; sourceTree = "<group>"; };
		EAD669EE27C6393C006221A2 /* Almarai-Bold.ttf */ = {isa = PBXFileReference; lastKnownFileType = file; path = "Almarai-Bold.ttf"; sourceTree = "<group>"; };
		EAD669F027C63A72006221A2 /* HistoryMainViewController.swift */ = {isa = PBXFileReference; lastKnownFileType = sourcecode.swift; path = HistoryMainViewController.swift; sourceTree = "<group>"; };
		EAD669F227C63F50006221A2 /* DonorViewController.swift */ = {isa = PBXFileReference; lastKnownFileType = sourcecode.swift; path = DonorViewController.swift; sourceTree = "<group>"; };
		EAD7D59127F5B62C003E81D3 /* UILable+Font.swift */ = {isa = PBXFileReference; fileEncoding = 4; lastKnownFileType = sourcecode.swift; path = "UILable+Font.swift"; sourceTree = "<group>"; };
		EADC3E38282AB438009E1DCC /* AcceptHistoryVaccineCell.swift */ = {isa = PBXFileReference; lastKnownFileType = sourcecode.swift; path = AcceptHistoryVaccineCell.swift; sourceTree = "<group>"; };
		EADC3E39282AB438009E1DCC /* AcceptHistoryVaccineCell.xib */ = {isa = PBXFileReference; lastKnownFileType = file.xib; path = AcceptHistoryVaccineCell.xib; sourceTree = "<group>"; };
		EAE16B612831554000D0772D /* AcceptOrderBloodCell.swift */ = {isa = PBXFileReference; lastKnownFileType = sourcecode.swift; path = AcceptOrderBloodCell.swift; sourceTree = "<group>"; };
		EAE16B622831554000D0772D /* AcceptOrderBloodCell.xib */ = {isa = PBXFileReference; lastKnownFileType = file.xib; path = AcceptOrderBloodCell.xib; sourceTree = "<group>"; };
		EAE3C90A27B12C6300F42D16 /* MapViewController.swift */ = {isa = PBXFileReference; lastKnownFileType = sourcecode.swift; path = MapViewController.swift; sourceTree = "<group>"; };
		EAE3D4972819C363003B514A /* UserStories.swift */ = {isa = PBXFileReference; lastKnownFileType = sourcecode.swift; path = UserStories.swift; sourceTree = "<group>"; };
		EAE3D4992819FEEE003B514A /* Vaccine.swift */ = {isa = PBXFileReference; lastKnownFileType = sourcecode.swift; path = Vaccine.swift; sourceTree = "<group>"; };
		EAE546852814C16600DA5A8E /* DonatePlaces.swift */ = {isa = PBXFileReference; lastKnownFileType = sourcecode.swift; path = DonatePlaces.swift; sourceTree = "<group>"; };
/* End PBXFileReference section */

/* Begin PBXFrameworksBuildPhase section */
		EAC252C0276A26F00033F96F /* Frameworks */ = {
			isa = PBXFrameworksBuildPhase;
			buildActionMask = 2147483647;
			files = (
				0BF285CA90D39C621537FA03 /* Pods_BloodBank.framework in Frameworks */,
			);
			runOnlyForDeploymentPostprocessing = 0;
		};
/* End PBXFrameworksBuildPhase section */

/* Begin PBXGroup section */
		48B799AE9B68FBEEB82BC727 /* Frameworks */ = {
			isa = PBXGroup;
			children = (
				DB8F4C3B3A310575AD50AC30 /* Pods_BloodBank.framework */,
			);
			name = Frameworks;
			sourceTree = "<group>";
		};
		7CD4487022B47A0CDEE98D37 /* Pods */ = {
			isa = PBXGroup;
			children = (
				36C4F17C7D79E124463C5D81 /* Pods-BloodBank.debug.xcconfig */,
				D4BCE38A5AD392A36F890799 /* Pods-BloodBank.release.xcconfig */,
			);
			path = Pods;
			sourceTree = "<group>";
		};
		EA01A0A527C96F1800BDCC00 /* Vaccine Requests */ = {
			isa = PBXGroup;
			children = (
				EA34861827FB4F71004A6667 /* VaccineRequestViewController.swift */,
				EA545C8E2808A7870009C6C7 /* VaccineCollectionViewController.swift */,
				EAC6436128099A1A00109D8D /* VaccineDetailsViewController.swift */,
				EA4278A127B01F9C002D444A /* AppointmentViewController.swift */,
				EA01A0A627C96F4E00BDCC00 /* NotFitAppointmentViewController.swift */,
				EA01A0B227C984A600BDCC00 /* InformationCenterViewController.swift */,
				EA01A0A827C96F6B00BDCC00 /* FitnessAppointmentViewController.swift */,
			);
			path = "Vaccine Requests";
			sourceTree = "<group>";
		};
		EA064CAC27A473C600A06257 /* AppScreens */ = {
			isa = PBXGroup;
			children = (
				EAB1C98E27A54DEE006BB209 /* TabBarController.swift */,
				EAEF17A527A48B8B0002FFA5 /* FirstTabBar(Home) */,
				EAEF17A627A48B9B0002FFA5 /* SecondScreen(History) */,
				EAEF17A727A48BA10002FFA5 /* ThirdScreen(Location) */,
				EAEF17A827A48BA30002FFA5 /* FourthScreen(Account) */,
			);
			path = AppScreens;
			sourceTree = "<group>";
		};
		EA09E71227A4C913009A0ED0 /* Fonts */ = {
			isa = PBXGroup;
			children = (
				EA6E702027C5C3CE00F1E76C /* Almarai-Regular.ttf */,
				EAD669EE27C6393C006221A2 /* Almarai-Bold.ttf */,
				EA01A0AA27C9774100BDCC00 /* Poppins-Regular.ttf */,
				EA17CD7B27FCFE4F00F356EE /* Almarai-ExtraBold.ttf */,
				EA01A0AE27C9777100BDCC00 /* Poppins-Bold.ttf */,
			);
			path = Fonts;
			sourceTree = "<group>";
		};
		EA1F21BF280C5FD100DE49F9 /* VaccineHistoryCell */ = {
			isa = PBXGroup;
			children = (
				EADC3E37282AB3F8009E1DCC /* AcceptVaccineRequest */,
				EADC3E36282AB3E4009E1DCC /* RefuseVaccineRequest */,
			);
			path = VaccineHistoryCell;
			sourceTree = "<group>";
		};
		EA1F21C8280C73C800DE49F9 /* BloodOrderHistoryCell */ = {
			isa = PBXGroup;
			children = (
				EAE16B602831550D00D0772D /* AcceptOrderBlood */,
				EAE16B5E283154CF00D0772D /* RefuseOrderBlood */,
			);
			path = BloodOrderHistoryCell;
			sourceTree = "<group>";
		};
		EA1F21C9280C925800DE49F9 /* LastDonateCell */ = {
			isa = PBXGroup;
			children = (
				EA1F21CA280C927C00DE49F9 /* LastDonateHistoryCell.swift */,
				EA1F21CB280C927C00DE49F9 /* LastDonateHistoryCell.xib */,
			);
			path = LastDonateCell;
			sourceTree = "<group>";
		};
		EA2AF7EA28102BBE00ECCB55 /* VolunteersCell */ = {
			isa = PBXGroup;
			children = (
				EA2AF7EB28102C0400ECCB55 /* VolunteersTableViewCell.swift */,
				EA2AF7EC28102C0400ECCB55 /* VolunteersTableViewCell.xib */,
			);
			path = VolunteersCell;
			sourceTree = "<group>";
		};
		EA45D3AF27E4E0DA0072E19C /* ApiService */ = {
			isa = PBXGroup;
			children = (
				EA6211E127EF6DC000301635 /* ApiService.swift */,
				EA45D3B227E4E0DA0072E19C /* DataProviderProtocol.swift */,
				EA45D3B027E4E0DA0072E19C /* RequestProtocol.swift */,
				EA45D3B127E4E0DA0072E19C /* SessionManager.swift */,
			);
			path = ApiService;
			sourceTree = "<group>";
		};
		EA4CA33C27F9D3F8003873DC /* YourStoryCell */ = {
			isa = PBXGroup;
			children = (
				EA4CA33827F9D3F2003873DC /* YourStoryTableViewCell.swift */,
				EA4CA33927F9D3F2003873DC /* YourStoryTableViewCell.xib */,
			);
			path = YourStoryCell;
			sourceTree = "<group>";
		};
		EA545C902808C3AA0009C6C7 /* VaccineCell */ = {
			isa = PBXGroup;
			children = (
				EA545C912808C3FC0009C6C7 /* VaccineCollectionViewCell.swift */,
			);
			path = VaccineCell;
			sourceTree = "<group>";
		};
		EA5A2BE62829329100B3B272 /* AllQuickRequests */ = {
			isa = PBXGroup;
			children = (
				EA4278A327B025A7002D444A /* RequestViewController.swift */,
				EA1915F827DC27B100554FF9 /* DetailsCellViewController.swift */,
				EA62CA0228288D5B007BD085 /* DetailPrivateCellViewController.swift */,
			);
			path = AllQuickRequests;
			sourceTree = "<group>";
		};
		EA62CA062828AE6E007BD085 /* FavoriteVC */ = {
			isa = PBXGroup;
			children = (
				EA6F6122281390BE002E5E5E /* FavoriteViewController.swift */,
				EA62CA072828AE89007BD085 /* FavoriteDetailsViewController.swift */,
			);
			path = FavoriteVC;
			sourceTree = "<group>";
		};
		EA66E54228157E9F00443115 /* favoriteCell */ = {
			isa = PBXGroup;
			children = (
				EA66E54328157ED700443115 /* favoriteTableViewCell.swift */,
				EA66E54428157ED700443115 /* favoriteTableViewCell.xib */,
			);
			path = favoriteCell;
			sourceTree = "<group>";
		};
		EA66E547281587A000443115 /* CheckingInternetConnection */ = {
			isa = PBXGroup;
			children = (
				EA66E548281587C800443115 /* Reachability.swift */,
			);
			path = CheckingInternetConnection;
			sourceTree = "<group>";
		};
		EA7403B6281C7EF10068D677 /* Private RequestCell */ = {
			isa = PBXGroup;
			children = (
				EA7403B7281C7F2D0068D677 /* privateRequestCell.swift */,
				EA7403B8281C7F2D0068D677 /* privateRequestCell.xib */,
			);
			path = "Private RequestCell";
			sourceTree = "<group>";
		};
		EA75CF56281B728E0032FA14 /* OtherModels */ = {
			isa = PBXGroup;
			children = (
				EAC252E6276A34BF0033F96F /* OnboardingSlide.swift */,
				EAAD8336276D12C700381854 /* DataPicker.swift */,
				EA1915F627DBFA3100554FF9 /* Patient.swift */,
				EA818B0727E1140C00D36808 /* Sick.swift */,
				EA78BC45281840EE0078DC96 /* (Gov+City).Data.swift */,
			);
			path = OtherModels;
			sourceTree = "<group>";
		};
		EA8C0F2B2831986900723D37 /* Lottie */ = {
			isa = PBXGroup;
			children = (
				EA8C0F2C2831988D00723D37 /* LottieEmailSend.json */,
			);
			path = Lottie;
			sourceTree = "<group>";
		};
		EA91ED4A27CD0DD000F8D02A /* Supporting Files */ = {
			isa = PBXGroup;
			children = (
				EAC252C6276A26F00033F96F /* AppDelegate.swift */,
				EAC252C8276A26F00033F96F /* SceneDelegate.swift */,
			);
			path = "Supporting Files";
			sourceTree = "<group>";
		};
		EA92A0A127E89D5A0060C5C8 /* Locolaizable */ = {
			isa = PBXGroup;
			children = (
				EA92A0A727E89D930060C5C8 /* Localizable.strings */,
				EA92A0AF27E8A92E0060C5C8 /* InfoPlist.strings */,
			);
			path = Locolaizable;
			sourceTree = "<group>";
		};
		EA9F8B1A27FBCB9200345E60 /* donate Blood */ = {
			isa = PBXGroup;
			children = (
				EA01A0B027C9838700BDCC00 /* BookingAppointmentViewController.swift */,
				EAD3834B27D7BF3B00E87893 /* PickDateTimeViewController.swift */,
				EAD3834F27D806C300E87893 /* SheetViewController.swift */,
			);
			path = "donate Blood";
			sourceTree = "<group>";
		};
		EABDBFCF276CE98900738EA3 /* InterfaceViewControllers */ = {
			isa = PBXGroup;
			children = (
				EA86A9FC27CAD4F4006EA939 /* HomeNCViewController.swift */,
				EA99AAFC276CCF540083F0D1 /* HomeViewController.swift */,
				EABDBFC9276CE69F00738EA3 /* RegisterViewController.swift */,
				EABDBFCB276CE6A900738EA3 /* LoginViewController.swift */,
				EABDBFCD276CE6B500738EA3 /* HelpViewController.swift */,
			);
			path = InterfaceViewControllers;
			sourceTree = "<group>";
		};
		EAC252BA276A26F00033F96F = {
			isa = PBXGroup;
			children = (
				EAC252C5276A26F00033F96F /* BloodBank */,
				EAC252C4276A26F00033F96F /* Products */,
				7CD4487022B47A0CDEE98D37 /* Pods */,
				48B799AE9B68FBEEB82BC727 /* Frameworks */,
			);
			sourceTree = "<group>";
		};
		EAC252C4276A26F00033F96F /* Products */ = {
			isa = PBXGroup;
			children = (
				EAC252C3276A26F00033F96F /* BloodBank.app */,
			);
			name = Products;
			sourceTree = "<group>";
		};
		EAC252C5276A26F00033F96F /* BloodBank */ = {
			isa = PBXGroup;
			children = (
				EA91ED4A27CD0DD000F8D02A /* Supporting Files */,
				EA45D3AF27E4E0DA0072E19C /* ApiService */,
				EAC252DA276A2E9F0033F96F /* Model */,
				EA92A0A127E89D5A0060C5C8 /* Locolaizable */,
				EA09E71227A4C913009A0ED0 /* Fonts */,
				EACC012D27A4272D00FFB92B /* Service */,
				EAC252EA276A3A2B0033F96F /* Utilities */,
				EAC252E3276A33320033F96F /* Extensions */,
				EACC013F27A43A6600FFB92B /* Helper */,
				EAC252DB276A2EAA0033F96F /* View */,
				EAC252DC276A2EB40033F96F /* Controllers */,
				EAC252E1276A2F780033F96F /* Resources */,
				EAC252E2276A2F820033F96F /* Assets */,
				EAC252D4276A26F10033F96F /* Info.plist */,
			);
			path = BloodBank;
			sourceTree = "<group>";
		};
		EAC252DA276A2E9F0033F96F /* Model */ = {
			isa = PBXGroup;
			children = (
				EAE546842814BDD800DA5A8E /* ApiModels */,
				EA75CF56281B728E0032FA14 /* OtherModels */,
			);
			path = Model;
			sourceTree = "<group>";
		};
		EAC252DB276A2EAA0033F96F /* View */ = {
			isa = PBXGroup;
			children = (
				EAC252E8276A37BC0033F96F /* OnboardingCollectionViewCell.swift */,
				EAF7D49027E1410300743163 /* RequestCell */,
				EA7403B6281C7EF10068D677 /* Private RequestCell */,
				EA4CA33C27F9D3F8003873DC /* YourStoryCell */,
				EA1F21BF280C5FD100DE49F9 /* VaccineHistoryCell */,
				EA1F21C8280C73C800DE49F9 /* BloodOrderHistoryCell */,
				EA545C902808C3AA0009C6C7 /* VaccineCell */,
				EA1F21C9280C925800DE49F9 /* LastDonateCell */,
				EA66E54228157E9F00443115 /* favoriteCell */,
				EA2AF7EA28102BBE00ECCB55 /* VolunteersCell */,
			);
			path = View;
			sourceTree = "<group>";
		};
		EAC252DC276A2EB40033F96F /* Controllers */ = {
			isa = PBXGroup;
			children = (
				EA64542B27F8991900376A8B /* LaunchViewController.swift */,
				EACC012B27A41E4F00FFB92B /* LoadingViewController.swift */,
				EAC252DD276A2EE80033F96F /* OnboardingViewController */,
				EABDBFCF276CE98900738EA3 /* InterfaceViewControllers */,
				EA064CAC27A473C600A06257 /* AppScreens */,
			);
			path = Controllers;
			sourceTree = "<group>";
		};
		EAC252DD276A2EE80033F96F /* OnboardingViewController */ = {
			isa = PBXGroup;
			children = (
				EAC252DE276A2F250033F96F /* OnboardingViewController.swift */,
			);
			path = OnboardingViewController;
			sourceTree = "<group>";
		};
		EAC252E1276A2F780033F96F /* Resources */ = {
			isa = PBXGroup;
			children = (
				EAC252CC276A26F00033F96F /* Main.storyboard */,
				EAC252D1276A26F10033F96F /* LaunchScreen.storyboard */,
			);
			path = Resources;
			sourceTree = "<group>";
		};
		EAC252E2276A2F820033F96F /* Assets */ = {
			isa = PBXGroup;
			children = (
				EA8C0F2B2831986900723D37 /* Lottie */,
				EAC252CF276A26F10033F96F /* Assets.xcassets */,
			);
			path = Assets;
			sourceTree = "<group>";
		};
		EAC252E3276A33320033F96F /* Extensions */ = {
			isa = PBXGroup;
			children = (
				EAC252E4276A335B0033F96F /* UiView+Extension.swift */,
				EAB1C99027A554A2006BB209 /* UiView + alert.swift */,
				EA9D400027DCF3D300776F14 /* UiView+Controller.swift */,
				EA215BFD27E7FA36005A9843 /* String+URL.swift */,
				EA92A0A927E89FFF0060C5C8 /* String+Localized.swift */,
				EA92A0B127E917F30060C5C8 /* Color+UIcolor.swift */,
				EA6211E527EF829600301635 /* formatInt+Int.swift */,
				EA5A8C8127F269C500FCF61F /* UiimageView+UrlExtension.swift */,
				EAD7D59127F5B62C003E81D3 /* UILable+Font.swift */,
				EAD4B43D27F7B7C400C6924C /* UiButtonTitleLbl+Font.swift */,
			);
			path = Extensions;
			sourceTree = "<group>";
		};
		EAC252EA276A3A2B0033F96F /* Utilities */ = {
			isa = PBXGroup;
			children = (
				EAC252EB276A3A4C0033F96F /* Constants.swift */,
			);
			path = Utilities;
			sourceTree = "<group>";
		};
		EAC46E9C27C500FF00711C68 /* HamburgerMenu */ = {
			isa = PBXGroup;
			children = (
				EA8676CF27A6C70A00E95283 /* HamburgerViewController.swift */,
				EA5A2BE62829329100B3B272 /* AllQuickRequests */,
				EA2A523727EA429300D92ED3 /* CoronaStatsViewController.swift */,
				EA4B13AB280F096900B52607 /* VolunteersViewController.swift */,
				EA4CA33627F9C782003873DC /* YourStoryViewController.swift */,
				EA62CA062828AE6E007BD085 /* FavoriteVC */,
				EA6F6124281390CF002E5E5E /* BuyBloodViewController.swift */,
				EA4278A727B025D4002D444A /* HelpAndSupportViewController.swift */,
				EA4278AB27B025FB002D444A /* SettingViewController.swift */,
			);
			path = HamburgerMenu;
			sourceTree = "<group>";
		};
		EACC012D27A4272D00FFB92B /* Service */ = {
			isa = PBXGroup;
			children = (
				EA66E547281587A000443115 /* CheckingInternetConnection */,
				EACC012E27A4275700FFB92B /* NavigationManager.swift */,
				EACC013027A42C4D00FFB92B /* StorageManager.swift */,
				EA86A9FA27CA31FB006EA939 /* UserDefultsManager.swift */,
				EAD4B43F27F7CB7C00C6924C /* ValidationManager.swift */,
				EAC3747D282456F3001F28C8 /* Sha1Encryption.swift */,
			);
			path = Service;
			sourceTree = "<group>";
		};
		EACC013F27A43A6600FFB92B /* Helper */ = {
			isa = PBXGroup;
			children = (
				EA66461927E2BAB1001A9E12 /* CustomTF.swift */,
				EACC013A27A43A5A00FFB92B /* UserCustomBtn.swift */,
				EACC013B27A43A5A00FFB92B /* UserCustomTF.swift */,
				EACC013927A43A5A00FFB92B /* UserGradientBackground.swift */,
				EA45BFAD27C5AC4800D56AEC /* NavigationBar.swift */,
				EA4C711E27E3D626000C8B02 /* CustomPlaceHolder.swift */,
				EA4402F027EA80200034C6AF /* CustomView.swift */,
				EA4CA33F27F9E604003873DC /* FloatingBtn.swift */,
			);
			path = Helper;
			sourceTree = "<group>";
		};
		EADC3E36282AB3E4009E1DCC /* RefuseVaccineRequest */ = {
			isa = PBXGroup;
			children = (
				EA1F21C0280C601D00DE49F9 /* HistoryVaccineCell.swift */,
				EA1F21C1280C601D00DE49F9 /* HistoryVaccineCell.xib */,
			);
			path = RefuseVaccineRequest;
			sourceTree = "<group>";
		};
		EADC3E37282AB3F8009E1DCC /* AcceptVaccineRequest */ = {
			isa = PBXGroup;
			children = (
				EADC3E38282AB438009E1DCC /* AcceptHistoryVaccineCell.swift */,
				EADC3E39282AB438009E1DCC /* AcceptHistoryVaccineCell.xib */,
			);
			path = AcceptVaccineRequest;
			sourceTree = "<group>";
		};
		EAE16B5E283154CF00D0772D /* RefuseOrderBlood */ = {
			isa = PBXGroup;
			children = (
				EA1F21C4280C73C200DE49F9 /* BloodOrderCell.swift */,
				EA1F21C5280C73C200DE49F9 /* BloodOrderCell.xib */,
			);
			path = RefuseOrderBlood;
			sourceTree = "<group>";
		};
		EAE16B602831550D00D0772D /* AcceptOrderBlood */ = {
			isa = PBXGroup;
			children = (
				EAE16B612831554000D0772D /* AcceptOrderBloodCell.swift */,
				EAE16B622831554000D0772D /* AcceptOrderBloodCell.xib */,
			);
			path = AcceptOrderBlood;
			sourceTree = "<group>";
		};
		EAE546842814BDD800DA5A8E /* ApiModels */ = {
			isa = PBXGroup;
			children = (
				EA6211E327EF6FC200301635 /* CoronaAnalysis.swift */,
				EAA6BDDD27EBBD2E00FE1BCA /* CountryStats.swift */,
				EAE546852814C16600DA5A8E /* DonatePlaces.swift */,
				EA1153BB2816E6DE0053C50B /* User.swift */,
				EA78BC4328183EF20078DC96 /* Governorate.swift */,
				EA78BC4728184A430078DC96 /* City.swift */,
				EA9330492818CBC90043EE18 /* FinalCities.swift */,
				EA93304B2818E03B0043EE18 /* BloodType.swift */,
				EAE3D4972819C363003B514A /* UserStories.swift */,
				EAE3D4992819FEEE003B514A /* Vaccine.swift */,
				EA75CF52281ADF870032FA14 /* QuickRequest.swift */,
				EAC267BE2825F42300BFEAA9 /* SavedBloodRequest.swift */,
				EA75CF54281B72770032FA14 /* AvailableVaccines.swift */,
				EA488859281FD15800A2700A /* RequestBloodType.swift */,
				EA48885B281FD51700A2700A /* DonateReason.swift */,
				EA5972612821C36D0053DFD5 /* OrderVaccine.swift */,
				EA32DC6C282215C800856119 /* LastDonate.swift */,
				EAC37459282417C4001F28C8 /* PurchaseOrder.swift */,
				EA5A2BE72829397D00B3B272 /* Going_Donners.swift */,
				EA624302282C72B300C4B2CE /* Blood_info.swift */,
				EA0A078C282D93F2000C3EDF /* Available_Blood.swift */,
				EA0A078E282DAD5B000C3EDF /* Data.swift */,
			);
			path = ApiModels;
			sourceTree = "<group>";
		};
		EAE615D927D962DB00A56C5A /* Donate Blood&Money */ = {
			isa = PBXGroup;
			children = (
				EA45BFA527C5996B00D56AEC /* DonateBloodViewController.swift */,
				EA9F8B1A27FBCB9200345E60 /* donate Blood */,
				EA9F8B1827FBCA6700345E60 /* DonateMoneyViewController.swift */,
			);
			path = "Donate Blood&Money";
			sourceTree = "<group>";
		};
		EAE615DA27D962EC00A56C5A /* OrderBlood */ = {
			isa = PBXGroup;
			children = (
				EAD4B43B27F75CBC00C6924C /* AppBloodRequestViewController.swift */,
				EA45BFA727C5997E00D56AEC /* RequestBloodViewController.swift */,
				EAA3C9D327DFB546007C5B47 /* SecondRequestBloodViewController.swift */,
			);
			path = OrderBlood;
			sourceTree = "<group>";
		};
		EAE615DB27D962F800A56C5A /* EducateYourself */ = {
			isa = PBXGroup;
			children = (
				EA45BFA927C5999200D56AEC /* EducateYourselfViewController.swift */,
				EA215BFB27E7EB98005A9843 /* EducateCollectionViewCell.swift */,
				EA215BFF27E80057005A9843 /* EducateDetailsViewController.swift */,
			);
			path = EducateYourself;
			sourceTree = "<group>";
		};
		EAEF17A527A48B8B0002FFA5 /* FirstTabBar(Home) */ = {
			isa = PBXGroup;
			children = (
				EA064CAD27A4750600A06257 /* MainViewController.swift */,
				EAC46E9C27C500FF00711C68 /* HamburgerMenu */,
				EA01A0A527C96F1800BDCC00 /* Vaccine Requests */,
				EAE615D927D962DB00A56C5A /* Donate Blood&Money */,
				EAE615DA27D962EC00A56C5A /* OrderBlood */,
				EAE615DB27D962F800A56C5A /* EducateYourself */,
			);
			path = "FirstTabBar(Home)";
			sourceTree = "<group>";
		};
		EAEF17A627A48B9B0002FFA5 /* SecondScreen(History) */ = {
			isa = PBXGroup;
			children = (
				EAD669F027C63A72006221A2 /* HistoryMainViewController.swift */,
				EA62CA0428289885007BD085 /* HistoryRequestDetailsViewController.swift */,
			);
			path = "SecondScreen(History)";
			sourceTree = "<group>";
		};
		EAEF17A727A48BA10002FFA5 /* ThirdScreen(Location) */ = {
			isa = PBXGroup;
			children = (
				EAE3C90A27B12C6300F42D16 /* MapViewController.swift */,
			);
			path = "ThirdScreen(Location)";
			sourceTree = "<group>";
		};
		EAEF17A827A48BA30002FFA5 /* FourthScreen(Account) */ = {
			isa = PBXGroup;
			children = (
				EAD669F227C63F50006221A2 /* DonorViewController.swift */,
			);
			path = "FourthScreen(Account)";
			sourceTree = "<group>";
		};
		EAF7D49027E1410300743163 /* RequestCell */ = {
			isa = PBXGroup;
			children = (
				EA1831C527DA6C1000D9BA90 /* RequestsTableViewCell.swift */,
				EA1831C627DA6C1000D9BA90 /* RequestsTableViewCell.xib */,
			);
			path = RequestCell;
			sourceTree = "<group>";
		};
/* End PBXGroup section */

/* Begin PBXNativeTarget section */
		EAC252C2276A26F00033F96F /* BloodBank */ = {
			isa = PBXNativeTarget;
			buildConfigurationList = EAC252D7276A26F10033F96F /* Build configuration list for PBXNativeTarget "BloodBank" */;
			buildPhases = (
				D58E08998672266A6630D8BB /* [CP] Check Pods Manifest.lock */,
				EAC252BF276A26F00033F96F /* Sources */,
				EAC252C0276A26F00033F96F /* Frameworks */,
				EAC252C1276A26F00033F96F /* Resources */,
				03A1BA6B9EBF3B9630C10006 /* [CP] Embed Pods Frameworks */,
			);
			buildRules = (
			);
			dependencies = (
			);
			name = BloodBank;
			productName = BloodBank;
			productReference = EAC252C3276A26F00033F96F /* BloodBank.app */;
			productType = "com.apple.product-type.application";
		};
/* End PBXNativeTarget section */

/* Begin PBXProject section */
		EAC252BB276A26F00033F96F /* Project object */ = {
			isa = PBXProject;
			attributes = {
				BuildIndependentTargetsInParallel = 1;
				LastSwiftUpdateCheck = 1310;
				LastUpgradeCheck = 1310;
				TargetAttributes = {
					EAC252C2276A26F00033F96F = {
						CreatedOnToolsVersion = 13.1;
					};
				};
			};
			buildConfigurationList = EAC252BE276A26F00033F96F /* Build configuration list for PBXProject "BloodBank" */;
			compatibilityVersion = "Xcode 13.0";
			developmentRegion = en;
			hasScannedForEncodings = 0;
			knownRegions = (
				en,
				Base,
				ar,
			);
			mainGroup = EAC252BA276A26F00033F96F;
			productRefGroup = EAC252C4276A26F00033F96F /* Products */;
			projectDirPath = "";
			projectRoot = "";
			targets = (
				EAC252C2276A26F00033F96F /* BloodBank */,
			);
		};
/* End PBXProject section */

/* Begin PBXResourcesBuildPhase section */
		EAC252C1276A26F00033F96F /* Resources */ = {
			isa = PBXResourcesBuildPhase;
			buildActionMask = 2147483647;
			files = (
				EAC252D3276A26F10033F96F /* LaunchScreen.storyboard in Resources */,
				EA1831C827DA6C1000D9BA90 /* RequestsTableViewCell.xib in Resources */,
				EA66E54628157ED700443115 /* favoriteTableViewCell.xib in Resources */,
				EA17CD7C27FCFE4F00F356EE /* Almarai-ExtraBold.ttf in Resources */,
				EA1F21C3280C601D00DE49F9 /* HistoryVaccineCell.xib in Resources */,
				EAD669EF27C6393C006221A2 /* Almarai-Bold.ttf in Resources */,
				EA1F21C7280C73C200DE49F9 /* BloodOrderCell.xib in Resources */,
				EA2AF7EE28102C0400ECCB55 /* VolunteersTableViewCell.xib in Resources */,
				EA01A0AF27C9777100BDCC00 /* Poppins-Bold.ttf in Resources */,
				EA4CA33B27F9D3F2003873DC /* YourStoryTableViewCell.xib in Resources */,
				EA1F21CD280C927C00DE49F9 /* LastDonateHistoryCell.xib in Resources */,
				EA92A0A527E89D930060C5C8 /* Localizable.strings in Resources */,
				EA01A0AB27C9774100BDCC00 /* Poppins-Regular.ttf in Resources */,
				EA8C0F2D2831988D00723D37 /* LottieEmailSend.json in Resources */,
				EADC3E3B282AB438009E1DCC /* AcceptHistoryVaccineCell.xib in Resources */,
				EA6E702127C5C3CE00F1E76C /* Almarai-Regular.ttf in Resources */,
				EAC252D0276A26F10033F96F /* Assets.xcassets in Resources */,
				EA7403BA281C7F2D0068D677 /* privateRequestCell.xib in Resources */,
				EAE16B642831554000D0772D /* AcceptOrderBloodCell.xib in Resources */,
				EAC252CE276A26F00033F96F /* Main.storyboard in Resources */,
				EA92A0AD27E8A92E0060C5C8 /* InfoPlist.strings in Resources */,
			);
			runOnlyForDeploymentPostprocessing = 0;
		};
/* End PBXResourcesBuildPhase section */

/* Begin PBXShellScriptBuildPhase section */
		03A1BA6B9EBF3B9630C10006 /* [CP] Embed Pods Frameworks */ = {
			isa = PBXShellScriptBuildPhase;
			buildActionMask = 2147483647;
			files = (
			);
			inputFileListPaths = (
				"${PODS_ROOT}/Target Support Files/Pods-BloodBank/Pods-BloodBank-frameworks-${CONFIGURATION}-input-files.xcfilelist",
			);
			name = "[CP] Embed Pods Frameworks";
			outputFileListPaths = (
				"${PODS_ROOT}/Target Support Files/Pods-BloodBank/Pods-BloodBank-frameworks-${CONFIGURATION}-output-files.xcfilelist",
			);
			runOnlyForDeploymentPostprocessing = 0;
			shellPath = /bin/sh;
			shellScript = "\"${PODS_ROOT}/Target Support Files/Pods-BloodBank/Pods-BloodBank-frameworks.sh\"\n";
			showEnvVarsInLog = 0;
		};
		D58E08998672266A6630D8BB /* [CP] Check Pods Manifest.lock */ = {
			isa = PBXShellScriptBuildPhase;
			buildActionMask = 2147483647;
			files = (
			);
			inputFileListPaths = (
			);
			inputPaths = (
				"${PODS_PODFILE_DIR_PATH}/Podfile.lock",
				"${PODS_ROOT}/Manifest.lock",
			);
			name = "[CP] Check Pods Manifest.lock";
			outputFileListPaths = (
			);
			outputPaths = (
				"$(DERIVED_FILE_DIR)/Pods-BloodBank-checkManifestLockResult.txt",
			);
			runOnlyForDeploymentPostprocessing = 0;
			shellPath = /bin/sh;
			shellScript = "diff \"${PODS_PODFILE_DIR_PATH}/Podfile.lock\" \"${PODS_ROOT}/Manifest.lock\" > /dev/null\nif [ $? != 0 ] ; then\n    # print error to STDERR\n    echo \"error: The sandbox is not in sync with the Podfile.lock. Run 'pod install' or update your CocoaPods installation.\" >&2\n    exit 1\nfi\n# This output is used by Xcode 'outputs' to avoid re-running this script phase.\necho \"SUCCESS\" > \"${SCRIPT_OUTPUT_FILE_0}\"\n";
			showEnvVarsInLog = 0;
		};
/* End PBXShellScriptBuildPhase section */

/* Begin PBXSourcesBuildPhase section */
		EAC252BF276A26F00033F96F /* Sources */ = {
			isa = PBXSourcesBuildPhase;
			buildActionMask = 2147483647;
			files = (
				EA64542C27F8991900376A8B /* LaunchViewController.swift in Sources */,
				EA92A0B227E917F30060C5C8 /* Color+UIcolor.swift in Sources */,
				EA1F21CC280C927C00DE49F9 /* LastDonateHistoryCell.swift in Sources */,
				EA2AF7ED28102C0400ECCB55 /* VolunteersTableViewCell.swift in Sources */,
				EA5A2BE82829397D00B3B272 /* Going_Donners.swift in Sources */,
				EA624303282C72B300C4B2CE /* Blood_info.swift in Sources */,
				EA4C711F27E3D626000C8B02 /* CustomPlaceHolder.swift in Sources */,
				EA4278AC27B025FB002D444A /* SettingViewController.swift in Sources */,
				EAE3D49A2819FEEE003B514A /* Vaccine.swift in Sources */,
				EA01A0A727C96F4E00BDCC00 /* NotFitAppointmentViewController.swift in Sources */,
				EA4278A227B01F9C002D444A /* AppointmentViewController.swift in Sources */,
				EA6211E227EF6DC000301635 /* ApiService.swift in Sources */,
				EA818B0827E1140C00D36808 /* Sick.swift in Sources */,
				EA6F6123281390BE002E5E5E /* FavoriteViewController.swift in Sources */,
				EA48885A281FD15800A2700A /* RequestBloodType.swift in Sources */,
				EA4278A827B025D4002D444A /* HelpAndSupportViewController.swift in Sources */,
				EA1831C727DA6C1000D9BA90 /* RequestsTableViewCell.swift in Sources */,
				EADC3E3A282AB438009E1DCC /* AcceptHistoryVaccineCell.swift in Sources */,
				EA4278A427B025A7002D444A /* RequestViewController.swift in Sources */,
				EA86A9FD27CAD4F4006EA939 /* HomeNCViewController.swift in Sources */,
				EA4B13AC280F096900B52607 /* VolunteersViewController.swift in Sources */,
				EAC3747E282456F3001F28C8 /* Sha1Encryption.swift in Sources */,
				EAD669F327C63F50006221A2 /* DonorViewController.swift in Sources */,
				EABDBFCE276CE6B500738EA3 /* HelpViewController.swift in Sources */,
				EA75CF53281ADF870032FA14 /* QuickRequest.swift in Sources */,
				EA4CA33A27F9D3F2003873DC /* YourStoryTableViewCell.swift in Sources */,
				EA4CA33727F9C782003873DC /* YourStoryViewController.swift in Sources */,
				EA9F8B1927FBCA6800345E60 /* DonateMoneyViewController.swift in Sources */,
				EAD3834C27D7BF3B00E87893 /* PickDateTimeViewController.swift in Sources */,
				EA45BFA827C5997E00D56AEC /* RequestBloodViewController.swift in Sources */,
				EAD4B43E27F7B7C400C6924C /* UiButtonTitleLbl+Font.swift in Sources */,
				EABDBFCA276CE69F00738EA3 /* RegisterViewController.swift in Sources */,
				EAD7D59227F5B62C003E81D3 /* UILable+Font.swift in Sources */,
				EA1F21C6280C73C200DE49F9 /* BloodOrderCell.swift in Sources */,
				EACC013127A42C4D00FFB92B /* StorageManager.swift in Sources */,
				EAC3745A282417C4001F28C8 /* PurchaseOrder.swift in Sources */,
				EAD4B44027F7CB7C00C6924C /* ValidationManager.swift in Sources */,
				EACC012C27A41E4F00FFB92B /* LoadingViewController.swift in Sources */,
				EA62CA0328288D5B007BD085 /* DetailPrivateCellViewController.swift in Sources */,
				EACC013C27A43A5A00FFB92B /* UserGradientBackground.swift in Sources */,
				EA1915F927DC27B100554FF9 /* DetailsCellViewController.swift in Sources */,
				EA6211E427EF6FC300301635 /* CoronaAnalysis.swift in Sources */,
				EA064CAE27A4750600A06257 /* MainViewController.swift in Sources */,
				EA5972622821C36D0053DFD5 /* OrderVaccine.swift in Sources */,
				EA78BC46281840EE0078DC96 /* (Gov+City).Data.swift in Sources */,
				EA545C922808C3FC0009C6C7 /* VaccineCollectionViewCell.swift in Sources */,
				EA1F21C2280C601D00DE49F9 /* HistoryVaccineCell.swift in Sources */,
				EAC252E7276A34BF0033F96F /* OnboardingSlide.swift in Sources */,
				EA215C0027E80057005A9843 /* EducateDetailsViewController.swift in Sources */,
				EA7403B9281C7F2D0068D677 /* privateRequestCell.swift in Sources */,
				EAE3C90B27B12C6300F42D16 /* MapViewController.swift in Sources */,
				EA45D3B327E4E0DA0072E19C /* RequestProtocol.swift in Sources */,
				EA92A0AA27E89FFF0060C5C8 /* String+Localized.swift in Sources */,
				EA34861927FB4F72004A6667 /* VaccineRequestViewController.swift in Sources */,
				EA1153BC2816E6DE0053C50B /* User.swift in Sources */,
				EA86A9FB27CA31FB006EA939 /* UserDefultsManager.swift in Sources */,
				EAA6BDDE27EBBD2E00FE1BCA /* CountryStats.swift in Sources */,
				EA545C8F2808A7870009C6C7 /* VaccineCollectionViewController.swift in Sources */,
				EACC013D27A43A5A00FFB92B /* UserCustomBtn.swift in Sources */,
				EAC252C7276A26F00033F96F /* AppDelegate.swift in Sources */,
				EAD669F127C63A72006221A2 /* HistoryMainViewController.swift in Sources */,
				EA78BC4828184A430078DC96 /* City.swift in Sources */,
				EA66461A27E2BAB1001A9E12 /* CustomTF.swift in Sources */,
				EA45BFAE27C5AC4800D56AEC /* NavigationBar.swift in Sources */,
				EA0A078D282D93F2000C3EDF /* Available_Blood.swift in Sources */,
				EAD3835027D806C300E87893 /* SheetViewController.swift in Sources */,
				EA8676D027A6C70A00E95283 /* HamburgerViewController.swift in Sources */,
				EAA3C9D427DFB546007C5B47 /* SecondRequestBloodViewController.swift in Sources */,
				EA01A0B327C984A600BDCC00 /* InformationCenterViewController.swift in Sources */,
				EAC252DF276A2F250033F96F /* OnboardingViewController.swift in Sources */,
				EA2A523827EA429300D92ED3 /* CoronaStatsViewController.swift in Sources */,
				EAE16B632831554000D0772D /* AcceptOrderBloodCell.swift in Sources */,
				EAE546862814C16600DA5A8E /* DonatePlaces.swift in Sources */,
				EA99AAFD276CCF540083F0D1 /* HomeViewController.swift in Sources */,
				EA45BFA627C5996B00D56AEC /* DonateBloodViewController.swift in Sources */,
				EAC252E5276A335B0033F96F /* UiView+Extension.swift in Sources */,
				EAC6436228099A1A00109D8D /* VaccineDetailsViewController.swift in Sources */,
				EA45D3B527E4E0DA0072E19C /* DataProviderProtocol.swift in Sources */,
				EA66E549281587C800443115 /* Reachability.swift in Sources */,
				EAD4B43C27F75CBC00C6924C /* AppBloodRequestViewController.swift in Sources */,
				EA45D3B427E4E0DA0072E19C /* SessionManager.swift in Sources */,
				EA6F6125281390CF002E5E5E /* BuyBloodViewController.swift in Sources */,
				EA215BFE27E7FA36005A9843 /* String+URL.swift in Sources */,
				EA66E54528157ED700443115 /* favoriteTableViewCell.swift in Sources */,
				EA215BFC27E7EB98005A9843 /* EducateCollectionViewCell.swift in Sources */,
				EA0A078F282DAD5B000C3EDF /* Data.swift in Sources */,
				EA62CA0528289885007BD085 /* HistoryRequestDetailsViewController.swift in Sources */,
				EA48885C281FD51700A2700A /* DonateReason.swift in Sources */,
				EAAD8337276D12C800381854 /* DataPicker.swift in Sources */,
				EACC012F27A4275700FFB92B /* NavigationManager.swift in Sources */,
				EA01A0B127C9838700BDCC00 /* BookingAppointmentViewController.swift in Sources */,
				EAB1C99127A554A2006BB209 /* UiView + alert.swift in Sources */,
				EA93304A2818CBC90043EE18 /* FinalCities.swift in Sources */,
				EAC252EC276A3A4C0033F96F /* Constants.swift in Sources */,
				EA5A8C8227F269C500FCF61F /* UiimageView+UrlExtension.swift in Sources */,
				EA01A0A927C96F6B00BDCC00 /* FitnessAppointmentViewController.swift in Sources */,
				EA93304C2818E03B0043EE18 /* BloodType.swift in Sources */,
				EAC252C9276A26F00033F96F /* SceneDelegate.swift in Sources */,
				EA4CA34027F9E604003873DC /* FloatingBtn.swift in Sources */,
				EA45BFAA27C5999200D56AEC /* EducateYourselfViewController.swift in Sources */,
				EA6211E627EF829600301635 /* formatInt+Int.swift in Sources */,
				EA9D400127DCF3D300776F14 /* UiView+Controller.swift in Sources */,
				EAE3D4982819C363003B514A /* UserStories.swift in Sources */,
				EABDBFCC276CE6A900738EA3 /* LoginViewController.swift in Sources */,
				EAB1C98F27A54DEE006BB209 /* TabBarController.swift in Sources */,
				EAC252E9276A37BC0033F96F /* OnboardingCollectionViewCell.swift in Sources */,
				EA32DC6D282215C800856119 /* LastDonate.swift in Sources */,
				EA4402F127EA80200034C6AF /* CustomView.swift in Sources */,
				EA78BC4428183EF20078DC96 /* Governorate.swift in Sources */,
				EA62CA082828AE89007BD085 /* FavoriteDetailsViewController.swift in Sources */,
				EACC013E27A43A5A00FFB92B /* UserCustomTF.swift in Sources */,
				EA75CF55281B72770032FA14 /* AvailableVaccines.swift in Sources */,
				EA1915F727DBFA3100554FF9 /* Patient.swift in Sources */,
				EAC267BF2825F42300BFEAA9 /* SavedBloodRequest.swift in Sources */,
			);
			runOnlyForDeploymentPostprocessing = 0;
		};
/* End PBXSourcesBuildPhase section */

/* Begin PBXVariantGroup section */
		EA92A0A727E89D930060C5C8 /* Localizable.strings */ = {
			isa = PBXVariantGroup;
			children = (
				EA92A0A627E89D930060C5C8 /* en */,
				EA92A0A827E89D980060C5C8 /* ar */,
			);
			name = Localizable.strings;
			sourceTree = "<group>";
		};
		EA92A0AF27E8A92E0060C5C8 /* InfoPlist.strings */ = {
			isa = PBXVariantGroup;
			children = (
				EA92A0AE27E8A92E0060C5C8 /* en */,
				EA92A0B027E8A9310060C5C8 /* ar */,
			);
			name = InfoPlist.strings;
			sourceTree = "<group>";
		};
		EAC252CC276A26F00033F96F /* Main.storyboard */ = {
			isa = PBXVariantGroup;
			children = (
				EAC252CD276A26F00033F96F /* Base */,
				EA92A0A427E89D860060C5C8 /* ar */,
			);
			name = Main.storyboard;
			sourceTree = "<group>";
		};
		EAC252D1276A26F10033F96F /* LaunchScreen.storyboard */ = {
			isa = PBXVariantGroup;
			children = (
				EAC252D2276A26F10033F96F /* Base */,
			);
			name = LaunchScreen.storyboard;
			sourceTree = "<group>";
		};
/* End PBXVariantGroup section */

/* Begin XCBuildConfiguration section */
		EAC252D5276A26F10033F96F /* Debug */ = {
			isa = XCBuildConfiguration;
			buildSettings = {
				ALWAYS_SEARCH_USER_PATHS = NO;
				CLANG_ANALYZER_LOCALIZABILITY_NONLOCALIZED = YES;
				CLANG_ANALYZER_NONNULL = YES;
				CLANG_ANALYZER_NUMBER_OBJECT_CONVERSION = YES_AGGRESSIVE;
				CLANG_CXX_LANGUAGE_STANDARD = "gnu++17";
				CLANG_CXX_LIBRARY = "libc++";
				CLANG_ENABLE_MODULES = YES;
				CLANG_ENABLE_OBJC_ARC = YES;
				CLANG_ENABLE_OBJC_WEAK = YES;
				CLANG_WARN_BLOCK_CAPTURE_AUTORELEASING = YES;
				CLANG_WARN_BOOL_CONVERSION = YES;
				CLANG_WARN_COMMA = YES;
				CLANG_WARN_CONSTANT_CONVERSION = YES;
				CLANG_WARN_DEPRECATED_OBJC_IMPLEMENTATIONS = YES;
				CLANG_WARN_DIRECT_OBJC_ISA_USAGE = YES_ERROR;
				CLANG_WARN_DOCUMENTATION_COMMENTS = YES;
				CLANG_WARN_EMPTY_BODY = YES;
				CLANG_WARN_ENUM_CONVERSION = YES;
				CLANG_WARN_INFINITE_RECURSION = YES;
				CLANG_WARN_INT_CONVERSION = YES;
				CLANG_WARN_NON_LITERAL_NULL_CONVERSION = YES;
				CLANG_WARN_OBJC_IMPLICIT_RETAIN_SELF = YES;
				CLANG_WARN_OBJC_LITERAL_CONVERSION = YES;
				CLANG_WARN_OBJC_ROOT_CLASS = YES_ERROR;
				CLANG_WARN_QUOTED_INCLUDE_IN_FRAMEWORK_HEADER = YES;
				CLANG_WARN_RANGE_LOOP_ANALYSIS = YES;
				CLANG_WARN_STRICT_PROTOTYPES = YES;
				CLANG_WARN_SUSPICIOUS_MOVE = YES;
				CLANG_WARN_UNGUARDED_AVAILABILITY = YES_AGGRESSIVE;
				CLANG_WARN_UNREACHABLE_CODE = YES;
				CLANG_WARN__DUPLICATE_METHOD_MATCH = YES;
				COPY_PHASE_STRIP = NO;
				DEBUG_INFORMATION_FORMAT = dwarf;
				ENABLE_STRICT_OBJC_MSGSEND = YES;
				ENABLE_TESTABILITY = YES;
				GCC_C_LANGUAGE_STANDARD = gnu11;
				GCC_DYNAMIC_NO_PIC = NO;
				GCC_NO_COMMON_BLOCKS = YES;
				GCC_OPTIMIZATION_LEVEL = 0;
				GCC_PREPROCESSOR_DEFINITIONS = (
					"DEBUG=1",
					"$(inherited)",
				);
				GCC_WARN_64_TO_32_BIT_CONVERSION = YES;
				GCC_WARN_ABOUT_RETURN_TYPE = YES_ERROR;
				GCC_WARN_UNDECLARED_SELECTOR = YES;
				GCC_WARN_UNINITIALIZED_AUTOS = YES_AGGRESSIVE;
				GCC_WARN_UNUSED_FUNCTION = YES;
				GCC_WARN_UNUSED_VARIABLE = YES;
				IPHONEOS_DEPLOYMENT_TARGET = 14.3;
				MTL_ENABLE_DEBUG_INFO = INCLUDE_SOURCE;
				MTL_FAST_MATH = YES;
				ONLY_ACTIVE_ARCH = YES;
				SDKROOT = iphoneos;
				SWIFT_ACTIVE_COMPILATION_CONDITIONS = DEBUG;
				SWIFT_OPTIMIZATION_LEVEL = "-Onone";
			};
			name = Debug;
		};
		EAC252D6276A26F10033F96F /* Release */ = {
			isa = XCBuildConfiguration;
			buildSettings = {
				ALWAYS_SEARCH_USER_PATHS = NO;
				CLANG_ANALYZER_LOCALIZABILITY_NONLOCALIZED = YES;
				CLANG_ANALYZER_NONNULL = YES;
				CLANG_ANALYZER_NUMBER_OBJECT_CONVERSION = YES_AGGRESSIVE;
				CLANG_CXX_LANGUAGE_STANDARD = "gnu++17";
				CLANG_CXX_LIBRARY = "libc++";
				CLANG_ENABLE_MODULES = YES;
				CLANG_ENABLE_OBJC_ARC = YES;
				CLANG_ENABLE_OBJC_WEAK = YES;
				CLANG_WARN_BLOCK_CAPTURE_AUTORELEASING = YES;
				CLANG_WARN_BOOL_CONVERSION = YES;
				CLANG_WARN_COMMA = YES;
				CLANG_WARN_CONSTANT_CONVERSION = YES;
				CLANG_WARN_DEPRECATED_OBJC_IMPLEMENTATIONS = YES;
				CLANG_WARN_DIRECT_OBJC_ISA_USAGE = YES_ERROR;
				CLANG_WARN_DOCUMENTATION_COMMENTS = YES;
				CLANG_WARN_EMPTY_BODY = YES;
				CLANG_WARN_ENUM_CONVERSION = YES;
				CLANG_WARN_INFINITE_RECURSION = YES;
				CLANG_WARN_INT_CONVERSION = YES;
				CLANG_WARN_NON_LITERAL_NULL_CONVERSION = YES;
				CLANG_WARN_OBJC_IMPLICIT_RETAIN_SELF = YES;
				CLANG_WARN_OBJC_LITERAL_CONVERSION = YES;
				CLANG_WARN_OBJC_ROOT_CLASS = YES_ERROR;
				CLANG_WARN_QUOTED_INCLUDE_IN_FRAMEWORK_HEADER = YES;
				CLANG_WARN_RANGE_LOOP_ANALYSIS = YES;
				CLANG_WARN_STRICT_PROTOTYPES = YES;
				CLANG_WARN_SUSPICIOUS_MOVE = YES;
				CLANG_WARN_UNGUARDED_AVAILABILITY = YES_AGGRESSIVE;
				CLANG_WARN_UNREACHABLE_CODE = YES;
				CLANG_WARN__DUPLICATE_METHOD_MATCH = YES;
				COPY_PHASE_STRIP = NO;
				DEBUG_INFORMATION_FORMAT = "dwarf-with-dsym";
				ENABLE_NS_ASSERTIONS = NO;
				ENABLE_STRICT_OBJC_MSGSEND = YES;
				GCC_C_LANGUAGE_STANDARD = gnu11;
				GCC_NO_COMMON_BLOCKS = YES;
				GCC_WARN_64_TO_32_BIT_CONVERSION = YES;
				GCC_WARN_ABOUT_RETURN_TYPE = YES_ERROR;
				GCC_WARN_UNDECLARED_SELECTOR = YES;
				GCC_WARN_UNINITIALIZED_AUTOS = YES_AGGRESSIVE;
				GCC_WARN_UNUSED_FUNCTION = YES;
				GCC_WARN_UNUSED_VARIABLE = YES;
				IPHONEOS_DEPLOYMENT_TARGET = 14.3;
				MTL_ENABLE_DEBUG_INFO = NO;
				MTL_FAST_MATH = YES;
				SDKROOT = iphoneos;
				SWIFT_COMPILATION_MODE = wholemodule;
				SWIFT_OPTIMIZATION_LEVEL = "-O";
				VALIDATE_PRODUCT = YES;
			};
			name = Release;
		};
		EAC252D8276A26F10033F96F /* Debug */ = {
			isa = XCBuildConfiguration;
			baseConfigurationReference = 36C4F17C7D79E124463C5D81 /* Pods-BloodBank.debug.xcconfig */;
			buildSettings = {
				ASSETCATALOG_COMPILER_APPICON_NAME = AppIcon;
				ASSETCATALOG_COMPILER_GLOBAL_ACCENT_COLOR_NAME = AccentColor;
				CODE_SIGN_STYLE = Automatic;
				CURRENT_PROJECT_VERSION = 1;
				DEVELOPMENT_TEAM = 3TWF5CMBRA;
				GENERATE_INFOPLIST_FILE = YES;
				INFOPLIST_FILE = BloodBank/Info.plist;
				INFOPLIST_KEY_NSLocationAlwaysAndWhenInUseUsageDescription = "";
				INFOPLIST_KEY_NSLocationWhenInUseUsageDescription = "";
				INFOPLIST_KEY_UIApplicationSupportsIndirectInputEvents = YES;
				INFOPLIST_KEY_UILaunchStoryboardName = LaunchScreen;
				INFOPLIST_KEY_UIMainStoryboardFile = Main;
				INFOPLIST_KEY_UIRequiresFullScreen = NO;
				INFOPLIST_KEY_UISupportedInterfaceOrientations = "";
				INFOPLIST_KEY_UISupportedInterfaceOrientations_iPad = "UIInterfaceOrientationPortrait UIInterfaceOrientationPortraitUpsideDown UIInterfaceOrientationLandscapeLeft UIInterfaceOrientationLandscapeRight";
				INFOPLIST_KEY_UISupportedInterfaceOrientations_iPhone = "UIInterfaceOrientationPortrait UIInterfaceOrientationLandscapeLeft UIInterfaceOrientationLandscapeRight";
				IPHONEOS_DEPLOYMENT_TARGET = 15.0;
				LD_RUNPATH_SEARCH_PATHS = (
					"$(inherited)",
					"@executable_path/Frameworks",
				);
				MARKETING_VERSION = 1.0;
				PRODUCT_BUNDLE_IDENTIFIER = khaled2024.BloodBank;
				PRODUCT_NAME = "$(TARGET_NAME)";
				SWIFT_EMIT_LOC_STRINGS = YES;
				SWIFT_VERSION = 5.0;
				TARGETED_DEVICE_FAMILY = "1,2";
			};
			name = Debug;
		};
		EAC252D9276A26F10033F96F /* Release */ = {
			isa = XCBuildConfiguration;
			baseConfigurationReference = D4BCE38A5AD392A36F890799 /* Pods-BloodBank.release.xcconfig */;
			buildSettings = {
				ASSETCATALOG_COMPILER_APPICON_NAME = AppIcon;
				ASSETCATALOG_COMPILER_GLOBAL_ACCENT_COLOR_NAME = AccentColor;
				CODE_SIGN_STYLE = Automatic;
				CURRENT_PROJECT_VERSION = 1;
				DEVELOPMENT_TEAM = 3TWF5CMBRA;
				GENERATE_INFOPLIST_FILE = YES;
				INFOPLIST_FILE = BloodBank/Info.plist;
				INFOPLIST_KEY_NSLocationAlwaysAndWhenInUseUsageDescription = "";
				INFOPLIST_KEY_NSLocationWhenInUseUsageDescription = "";
				INFOPLIST_KEY_UIApplicationSupportsIndirectInputEvents = YES;
				INFOPLIST_KEY_UILaunchStoryboardName = LaunchScreen;
				INFOPLIST_KEY_UIMainStoryboardFile = Main;
				INFOPLIST_KEY_UIRequiresFullScreen = NO;
				INFOPLIST_KEY_UISupportedInterfaceOrientations = "";
				INFOPLIST_KEY_UISupportedInterfaceOrientations_iPad = "UIInterfaceOrientationPortrait UIInterfaceOrientationPortraitUpsideDown UIInterfaceOrientationLandscapeLeft UIInterfaceOrientationLandscapeRight";
				INFOPLIST_KEY_UISupportedInterfaceOrientations_iPhone = "UIInterfaceOrientationPortrait UIInterfaceOrientationLandscapeLeft UIInterfaceOrientationLandscapeRight";
				IPHONEOS_DEPLOYMENT_TARGET = 15.0;
				LD_RUNPATH_SEARCH_PATHS = (
					"$(inherited)",
					"@executable_path/Frameworks",
				);
				MARKETING_VERSION = 1.0;
				PRODUCT_BUNDLE_IDENTIFIER = khaled2024.BloodBank;
				PRODUCT_NAME = "$(TARGET_NAME)";
				SWIFT_EMIT_LOC_STRINGS = YES;
				SWIFT_VERSION = 5.0;
				TARGETED_DEVICE_FAMILY = "1,2";
			};
			name = Release;
		};
/* End XCBuildConfiguration section */

/* Begin XCConfigurationList section */
		EAC252BE276A26F00033F96F /* Build configuration list for PBXProject "BloodBank" */ = {
			isa = XCConfigurationList;
			buildConfigurations = (
				EAC252D5276A26F10033F96F /* Debug */,
				EAC252D6276A26F10033F96F /* Release */,
			);
			defaultConfigurationIsVisible = 0;
			defaultConfigurationName = Release;
		};
		EAC252D7276A26F10033F96F /* Build configuration list for PBXNativeTarget "BloodBank" */ = {
			isa = XCConfigurationList;
			buildConfigurations = (
				EAC252D8276A26F10033F96F /* Debug */,
				EAC252D9276A26F10033F96F /* Release */,
			);
			defaultConfigurationIsVisible = 0;
			defaultConfigurationName = Release;
		};
/* End XCConfigurationList section */
	};
	rootObject = EAC252BB276A26F00033F96F /* Project object */;
}
